// !$*UTF8*$!
{
	archiveVersion = 1;
	classes = {
	};
	objectVersion = 52;
	objects = {

/* Begin PBXBuildFile section */
		9E1124E3220F8F7300DBA190 /* SDL_iOS.framework in Frameworks */ = {isa = PBXBuildFile; fileRef = 9E1124E2220F8F7300DBA190 /* SDL_iOS.framework */; };
		9E1124EA220F991000DBA190 /* CoreServices.framework in Frameworks */ = {isa = PBXBuildFile; fileRef = 9E1124E9220F991000DBA190 /* CoreServices.framework */; };
		9E1124EC220F998F00DBA190 /* IOKit.framework in Frameworks */ = {isa = PBXBuildFile; fileRef = 9E1124EB220F998F00DBA190 /* IOKit.framework */; };
		9E1124ED220F9A0900DBA190 /* Metal.framework in Frameworks */ = {isa = PBXBuildFile; fileRef = 9E1124E7220F988100DBA190 /* Metal.framework */; };
		9E1124F1220F9AD000DBA190 /* Cocoa.framework in Frameworks */ = {isa = PBXBuildFile; fileRef = 9E1124F0220F9AD000DBA190 /* Cocoa.framework */; };
		9E1124F4220F9D2E00DBA190 /* QuartzCore.framework in Frameworks */ = {isa = PBXBuildFile; fileRef = 9E1124F3220F9D2E00DBA190 /* QuartzCore.framework */; };
		9E128D9A247C350E00032E8E /* Logging.cpp in Sources */ = {isa = PBXBuildFile; fileRef = 9E128D98247C350D00032E8E /* Logging.cpp */; };
		9E128D9C247C365B00032E8E /* Logging.cpp in Sources */ = {isa = PBXBuildFile; fileRef = 9E128D98247C350D00032E8E /* Logging.cpp */; };
		9E240CED2334ED46003D0269 /* LaunchScreen.storyboard in Resources */ = {isa = PBXBuildFile; fileRef = 9E240CEC2334ED46003D0269 /* LaunchScreen.storyboard */; };
		9E2A27802215331B00B4FDBC /* PlatformSDL.cpp in Sources */ = {isa = PBXBuildFile; fileRef = 9E2A277C2215331B00B4FDBC /* PlatformSDL.cpp */; };
		9E2A27812215331B00B4FDBC /* PlatformSDL.cpp in Sources */ = {isa = PBXBuildFile; fileRef = 9E2A277C2215331B00B4FDBC /* PlatformSDL.cpp */; };
		9E2DAE03232A81CC004ADDCB /* Quad2D.cpp in Sources */ = {isa = PBXBuildFile; fileRef = 9E2DAE02232A81CC004ADDCB /* Quad2D.cpp */; };
		9E2DAE04232A81CC004ADDCB /* Quad2D.cpp in Sources */ = {isa = PBXBuildFile; fileRef = 9E2DAE02232A81CC004ADDCB /* Quad2D.cpp */; };
		9E2DAE0B232CE035004ADDCB /* Quad2DTextureTinted.cpp in Sources */ = {isa = PBXBuildFile; fileRef = 9E2DAE0A232CE035004ADDCB /* Quad2DTextureTinted.cpp */; };
		9E2DAE0D232CE1A5004ADDCB /* Quad2DTextured.cpp in Sources */ = {isa = PBXBuildFile; fileRef = 9E2DAE0C232CE1A5004ADDCB /* Quad2DTextured.cpp */; };
		9E2DAE0E232CE24A004ADDCB /* Quad2DTextured.cpp in Sources */ = {isa = PBXBuildFile; fileRef = 9E2DAE0C232CE1A5004ADDCB /* Quad2DTextured.cpp */; };
		9E2DAE0F232CE24E004ADDCB /* Quad2DTextureTinted.cpp in Sources */ = {isa = PBXBuildFile; fileRef = 9E2DAE0A232CE035004ADDCB /* Quad2DTextureTinted.cpp */; };
		9E2DAE18232E8BFA004ADDCB /* IOSurface.framework in Frameworks */ = {isa = PBXBuildFile; fileRef = 9E2DAE17232E8BFA004ADDCB /* IOSurface.framework */; };
		9E38920B232973490024D111 /* Descriptors.cpp in Sources */ = {isa = PBXBuildFile; fileRef = 9E389209232973490024D111 /* Descriptors.cpp */; };
		9E38920C23297DCE0024D111 /* Descriptors.cpp in Sources */ = {isa = PBXBuildFile; fileRef = 9E389209232973490024D111 /* Descriptors.cpp */; };
		9E3CA04422834D9A007494D6 /* DeviceQueues.cpp in Sources */ = {isa = PBXBuildFile; fileRef = 9E3CA04222834D9A007494D6 /* DeviceQueues.cpp */; };
		9E3CA0452287E62C007494D6 /* DeviceQueues.cpp in Sources */ = {isa = PBXBuildFile; fileRef = 9E3CA04222834D9A007494D6 /* DeviceQueues.cpp */; };
		9E4480572462D8ED009A8EA4 /* imgui_impl_sdl.cpp in Sources */ = {isa = PBXBuildFile; fileRef = 9E4480562462D8ED009A8EA4 /* imgui_impl_sdl.cpp */; };
		9E44805E2462DA13009A8EA4 /* AddOns.cpp in Sources */ = {isa = PBXBuildFile; fileRef = 9E44805A2462DA13009A8EA4 /* AddOns.cpp */; };
		9E44805F2462DA13009A8EA4 /* AddOns.cpp in Sources */ = {isa = PBXBuildFile; fileRef = 9E44805A2462DA13009A8EA4 /* AddOns.cpp */; };
		9E4480602462DA13009A8EA4 /* FixedRenderable.cpp in Sources */ = {isa = PBXBuildFile; fileRef = 9E44805C2462DA13009A8EA4 /* FixedRenderable.cpp */; };
		9E4480612462DA13009A8EA4 /* FixedRenderable.cpp in Sources */ = {isa = PBXBuildFile; fileRef = 9E44805C2462DA13009A8EA4 /* FixedRenderable.cpp */; };
		9E4480622462DA22009A8EA4 /* imgui_impl_sdl.cpp in Sources */ = {isa = PBXBuildFile; fileRef = 9E4480562462D8ED009A8EA4 /* imgui_impl_sdl.cpp */; };
		9E4480652462DAE1009A8EA4 /* EventObjects.cpp in Sources */ = {isa = PBXBuildFile; fileRef = 9E4480632462DAE0009A8EA4 /* EventObjects.cpp */; };
		9E4480662462DB12009A8EA4 /* EventObjects.cpp in Sources */ = {isa = PBXBuildFile; fileRef = 9E4480632462DAE0009A8EA4 /* EventObjects.cpp */; };
		9E61A5E124A8284300AF6133 /* AppSettings.cpp in Sources */ = {isa = PBXBuildFile; fileRef = 9E61A5DF24A8284300AF6133 /* AppSettings.cpp */; };
		9E61A5E224A8298800AF6133 /* AppSettings.cpp in Sources */ = {isa = PBXBuildFile; fileRef = 9E61A5DF24A8284300AF6133 /* AppSettings.cpp */; };
		9E6B2DD7233272A800F7575D /* IOKit.framework in Frameworks */ = {isa = PBXBuildFile; fileRef = 9E1124EB220F998F00DBA190 /* IOKit.framework */; };
		9E6B2DD8233272E000F7575D /* IOSurface.framework in Frameworks */ = {isa = PBXBuildFile; fileRef = 9E2DAE17232E8BFA004ADDCB /* IOSurface.framework */; };
		9E6B2DD92332730200F7575D /* Metal.framework in Frameworks */ = {isa = PBXBuildFile; fileRef = 9E1124E7220F988100DBA190 /* Metal.framework */; };
		9E6B2DE22332AF5300F7575D /* Images.xcassets in Resources */ = {isa = PBXBuildFile; fileRef = 9E6B2DE12332AF5300F7575D /* Images.xcassets */; };
		9E82E59B22037F2300AC8F7D /* ValidationLayers.cpp in Sources */ = {isa = PBXBuildFile; fileRef = 9E82E59922037F2300AC8F7D /* ValidationLayers.cpp */; };
		9E82E5AC2203B51700AC8F7D /* Swapchain.cpp in Sources */ = {isa = PBXBuildFile; fileRef = 9E82E59C2203B51600AC8F7D /* Swapchain.cpp */; };
		9E82E5AD2203B51700AC8F7D /* WindowSurface.cpp in Sources */ = {isa = PBXBuildFile; fileRef = 9E82E59E2203B51600AC8F7D /* WindowSurface.cpp */; };
		9E82E5AE2203B51700AC8F7D /* RenderPass.cpp in Sources */ = {isa = PBXBuildFile; fileRef = 9E82E59F2203B51600AC8F7D /* RenderPass.cpp */; };
		9E82E5AF2203B51700AC8F7D /* SyncObjects.cpp in Sources */ = {isa = PBXBuildFile; fileRef = 9E82E5A42203B51600AC8F7D /* SyncObjects.cpp */; };
		9E82E5B02203B51700AC8F7D /* Framebuffers.cpp in Sources */ = {isa = PBXBuildFile; fileRef = 9E82E5A72203B51600AC8F7D /* Framebuffers.cpp */; };
		9E82E5B12203B51700AC8F7D /* CommandObjects.cpp in Sources */ = {isa = PBXBuildFile; fileRef = 9E82E5A92203B51600AC8F7D /* CommandObjects.cpp */; };
		9E82E5B22203B51700AC8F7D /* GraphicsDevice.cpp in Sources */ = {isa = PBXBuildFile; fileRef = 9E82E5AA2203B51700AC8F7D /* GraphicsDevice.cpp */; };
		9E82E5B32203B51700AC8F7D /* GraphicsPipeline.cpp in Sources */ = {isa = PBXBuildFile; fileRef = 9E82E5AB2203B51700AC8F7D /* GraphicsPipeline.cpp */; };
		9E82E5B62206453800AC8F7D /* VulkanSetup.cpp in Sources */ = {isa = PBXBuildFile; fileRef = 9E82E5B42206453800AC8F7D /* VulkanSetup.cpp */; };
		9E82E5BA2208B4BE00AC8F7D /* VulkanInstance.cpp in Sources */ = {isa = PBXBuildFile; fileRef = 9E82E5B92208B4BE00AC8F7D /* VulkanInstance.cpp */; };
		9E82E5BD220A345B00AC8F7D /* VulkanInstance.cpp in Sources */ = {isa = PBXBuildFile; fileRef = 9E82E5B92208B4BE00AC8F7D /* VulkanInstance.cpp */; };
		9E82E5BE220A345B00AC8F7D /* CommandObjects.cpp in Sources */ = {isa = PBXBuildFile; fileRef = 9E82E5A92203B51600AC8F7D /* CommandObjects.cpp */; };
		9E82E5BF220A345B00AC8F7D /* Swapchain.cpp in Sources */ = {isa = PBXBuildFile; fileRef = 9E82E59C2203B51600AC8F7D /* Swapchain.cpp */; };
		9E82E5C0220A345B00AC8F7D /* ValidationLayers.cpp in Sources */ = {isa = PBXBuildFile; fileRef = 9E82E59922037F2300AC8F7D /* ValidationLayers.cpp */; };
		9E82E5C1220A345B00AC8F7D /* HelloTriangle.cpp in Sources */ = {isa = PBXBuildFile; fileRef = 9EA6483C2201635000FD3DB0 /* HelloTriangle.cpp */; };
		9E82E5C2220A345B00AC8F7D /* GraphicsPipeline.cpp in Sources */ = {isa = PBXBuildFile; fileRef = 9E82E5AB2203B51700AC8F7D /* GraphicsPipeline.cpp */; };
		9E82E5C3220A345B00AC8F7D /* RenderPass.cpp in Sources */ = {isa = PBXBuildFile; fileRef = 9E82E59F2203B51600AC8F7D /* RenderPass.cpp */; };
		9E82E5C4220A345B00AC8F7D /* main.cpp in Sources */ = {isa = PBXBuildFile; fileRef = 9EA6481C22003AC200FD3DB0 /* main.cpp */; };
		9E82E5C5220A345B00AC8F7D /* GraphicsDevice.cpp in Sources */ = {isa = PBXBuildFile; fileRef = 9E82E5AA2203B51700AC8F7D /* GraphicsDevice.cpp */; };
		9E82E5C6220A345B00AC8F7D /* vkEnumStrings.cpp in Sources */ = {isa = PBXBuildFile; fileRef = 9EA648342200C65500FD3DB0 /* vkEnumStrings.cpp */; };
		9E82E5C7220A345B00AC8F7D /* WindowSurface.cpp in Sources */ = {isa = PBXBuildFile; fileRef = 9E82E59E2203B51600AC8F7D /* WindowSurface.cpp */; };
		9E82E5C8220A345B00AC8F7D /* SyncObjects.cpp in Sources */ = {isa = PBXBuildFile; fileRef = 9E82E5A42203B51600AC8F7D /* SyncObjects.cpp */; };
		9E82E5C9220A345B00AC8F7D /* VulkanSetup.cpp in Sources */ = {isa = PBXBuildFile; fileRef = 9E82E5B42206453800AC8F7D /* VulkanSetup.cpp */; };
		9E82E5CA220A345B00AC8F7D /* Framebuffers.cpp in Sources */ = {isa = PBXBuildFile; fileRef = 9E82E5A72203B51600AC8F7D /* Framebuffers.cpp */; };
		9E82E5D0220A345B00AC8F7D /* compiledShaders in Resources */ = {isa = PBXBuildFile; fileRef = 9ECA3981220255BE00B2A7B3 /* compiledShaders */; };
		9E87F5C723214D150009062F /* textures in Resources */ = {isa = PBXBuildFile; fileRef = 9E87F5C623214D150009062F /* textures */; };
		9E87F5C823214D150009062F /* textures in Resources */ = {isa = PBXBuildFile; fileRef = 9E87F5C623214D150009062F /* textures */; };
		9E87F5CB23217A210009062F /* TextureImage.cpp in Sources */ = {isa = PBXBuildFile; fileRef = 9E87F5CA23217A210009062F /* TextureImage.cpp */; };
		9E87F5CC23217A210009062F /* TextureImage.cpp in Sources */ = {isa = PBXBuildFile; fileRef = 9E87F5CA23217A210009062F /* TextureImage.cpp */; };
		9E87F5CF232192750009062F /* SDL_image_iOS.framework in Frameworks */ = {isa = PBXBuildFile; fileRef = 9E87F5CE232192750009062F /* SDL_image_iOS.framework */; };
		9E87F5F8232225D20009062F /* SDL2.framework in Frameworks */ = {isa = PBXBuildFile; fileRef = 9E87F5F7232225D20009062F /* SDL2.framework */; };
		9E87F5FA232225E70009062F /* SDL2_image.framework in Frameworks */ = {isa = PBXBuildFile; fileRef = 9E87F5F9232225E70009062F /* SDL2_image.framework */; };
		9E87F5FF2323697A0009062F /* SDL2_image.framework in Copy Frameworks */ = {isa = PBXBuildFile; fileRef = 9E87F5F9232225E70009062F /* SDL2_image.framework */; settings = {ATTRIBUTES = (CodeSignOnCopy, RemoveHeadersOnCopy, ); }; };
		9E87F600232369940009062F /* SDL2.framework in Copy Frameworks */ = {isa = PBXBuildFile; fileRef = 9E87F5F7232225D20009062F /* SDL2.framework */; settings = {ATTRIBUTES = (CodeSignOnCopy, RemoveHeadersOnCopy, ); }; };
		9EA5CD00231450BE00178010 /* Triangle2DColored.cpp in Sources */ = {isa = PBXBuildFile; fileRef = 9EA5CCFE231450BE00178010 /* Triangle2DColored.cpp */; };
		9EA5CD01231450BE00178010 /* Triangle2DColored.cpp in Sources */ = {isa = PBXBuildFile; fileRef = 9EA5CCFE231450BE00178010 /* Triangle2DColored.cpp */; };
		9EA6482922003B7500FD3DB0 /* main.cpp in Sources */ = {isa = PBXBuildFile; fileRef = 9EA6481C22003AC200FD3DB0 /* main.cpp */; };
		9EA648352200C7E400FD3DB0 /* vkEnumStrings.cpp in Sources */ = {isa = PBXBuildFile; fileRef = 9EA648342200C65500FD3DB0 /* vkEnumStrings.cpp */; };
		9EA6484022017D4600FD3DB0 /* HelloTriangle.cpp in Sources */ = {isa = PBXBuildFile; fileRef = 9EA6483C2201635000FD3DB0 /* HelloTriangle.cpp */; };
		9EC4858B222DE445007C7242 /* PlatformCommon.cpp in Sources */ = {isa = PBXBuildFile; fileRef = 9EC4858A222DE445007C7242 /* PlatformCommon.cpp */; };
		9EC4858C222DE445007C7242 /* PlatformCommon.cpp in Sources */ = {isa = PBXBuildFile; fileRef = 9EC4858A222DE445007C7242 /* PlatformCommon.cpp */; };
		9ECA3982220255BE00B2A7B3 /* compiledShaders in Resources */ = {isa = PBXBuildFile; fileRef = 9ECA3981220255BE00B2A7B3 /* compiledShaders */; };
		9EDC51662AE026620098F52D /* DepthBuffer.cpp in Sources */ = {isa = PBXBuildFile; fileRef = 9EDC51642AE026620098F52D /* DepthBuffer.cpp */; };
		9EDC51672AE026620098F52D /* DepthBuffer.cpp in Sources */ = {isa = PBXBuildFile; fileRef = 9EDC51642AE026620098F52D /* DepthBuffer.cpp */; };
		9EDC51682AE026620098F52D /* ImageResource.cpp in Sources */ = {isa = PBXBuildFile; fileRef = 9EDC51652AE026620098F52D /* ImageResource.cpp */; };
		9EDC51692AE026620098F52D /* ImageResource.cpp in Sources */ = {isa = PBXBuildFile; fileRef = 9EDC51652AE026620098F52D /* ImageResource.cpp */; };
		9EEA190B2AF0742A00EB47F4 /* MoltenVK.xcframework in Frameworks */ = {isa = PBXBuildFile; fileRef = 9EEA190A2AF0742A00EB47F4 /* MoltenVK.xcframework */; };
		9EEA190C2AF0743D00EB47F4 /* MoltenVK.xcframework in Frameworks */ = {isa = PBXBuildFile; fileRef = 9EEA190A2AF0742A00EB47F4 /* MoltenVK.xcframework */; };
		9EEBF70E226DFBF700AC0B7F /* DebugReport.cpp in Sources */ = {isa = PBXBuildFile; fileRef = 9EEBF70D226DFBF700AC0B7F /* DebugReport.cpp */; };
		9EEBF710226EBD2000AC0B7F /* DebugReport.cpp in Sources */ = {isa = PBXBuildFile; fileRef = 9EEBF70D226DFBF700AC0B7F /* DebugReport.cpp */; };
		9EF5A4E22314D26400524830 /* PrimitiveBuffer.cpp in Sources */ = {isa = PBXBuildFile; fileRef = 9EF5A4E02314D26400524830 /* PrimitiveBuffer.cpp */; };
		9EF5A4E32314D26400524830 /* PrimitiveBuffer.cpp in Sources */ = {isa = PBXBuildFile; fileRef = 9EF5A4E02314D26400524830 /* PrimitiveBuffer.cpp */; };
		9EF5A4E9231B228900524830 /* Quad2DColored.cpp in Sources */ = {isa = PBXBuildFile; fileRef = 9EF5A4E8231B228900524830 /* Quad2DColored.cpp */; };
		9EF5A4EA231B236B00524830 /* Quad2DColored.cpp in Sources */ = {isa = PBXBuildFile; fileRef = 9EF5A4E8231B228900524830 /* Quad2DColored.cpp */; };
		9EF5A4EC231B27BA00524830 /* VertexTypes.cpp in Sources */ = {isa = PBXBuildFile; fileRef = 9EF5A4EB231B27BA00524830 /* VertexTypes.cpp */; };
		9EF5A4ED231B27BA00524830 /* VertexTypes.cpp in Sources */ = {isa = PBXBuildFile; fileRef = 9EF5A4EB231B27BA00524830 /* VertexTypes.cpp */; };
		9EF5A4F1231ED00300524830 /* UniformBuffer.cpp in Sources */ = {isa = PBXBuildFile; fileRef = 9EF5A4F0231ED00300524830 /* UniformBuffer.cpp */; };
		9EF5A4F2231ED06000524830 /* UniformBuffer.cpp in Sources */ = {isa = PBXBuildFile; fileRef = 9EF5A4F0231ED00300524830 /* UniformBuffer.cpp */; };
		9EFA5B2F22EB466500B63757 /* DeviceAssessment.cpp in Sources */ = {isa = PBXBuildFile; fileRef = 9EFA5B2D22EB466500B63757 /* DeviceAssessment.cpp */; };
		9EFA5B3022EB466500B63757 /* DeviceAssessment.cpp in Sources */ = {isa = PBXBuildFile; fileRef = 9EFA5B2D22EB466500B63757 /* DeviceAssessment.cpp */; };
		9EFA5B3322F1C7E200B63757 /* Utility.cpp in Sources */ = {isa = PBXBuildFile; fileRef = 9EFA5B3122F1C7E200B63757 /* Utility.cpp */; };
		9EFA5B3422F1C7E200B63757 /* Utility.cpp in Sources */ = {isa = PBXBuildFile; fileRef = 9EFA5B3122F1C7E200B63757 /* Utility.cpp */; };
		9EFA5B3722F8C4D100B63757 /* DeviceRanking.cpp in Sources */ = {isa = PBXBuildFile; fileRef = 9EFA5B3522F8C4D000B63757 /* DeviceRanking.cpp */; };
		9EFA5B3822F8C4D100B63757 /* DeviceRanking.cpp in Sources */ = {isa = PBXBuildFile; fileRef = 9EFA5B3522F8C4D000B63757 /* DeviceRanking.cpp */; };
		9EFA5B3F2301265E00B63757 /* ShaderModules.cpp in Sources */ = {isa = PBXBuildFile; fileRef = 9EFA5B3D2301265E00B63757 /* ShaderModules.cpp */; };
		9EFA5B402301265E00B63757 /* ShaderModules.cpp in Sources */ = {isa = PBXBuildFile; fileRef = 9EFA5B3D2301265E00B63757 /* ShaderModules.cpp */; };
		9EFA5B4423024AA900B63757 /* FileSystem.cpp in Sources */ = {isa = PBXBuildFile; fileRef = 9EFA5B4223024AA900B63757 /* FileSystem.cpp */; };
		9EFA5B4523024AA900B63757 /* FileSystem.cpp in Sources */ = {isa = PBXBuildFile; fileRef = 9EFA5B4223024AA900B63757 /* FileSystem.cpp */; };
/* End PBXBuildFile section */

/* Begin PBXCopyFilesBuildPhase section */
		9E1124F6220F9F7600DBA190 /* Copy Frameworks */ = {
			isa = PBXCopyFilesBuildPhase;
			buildActionMask = 2147483647;
			dstPath = "";
			dstSubfolderSpec = 10;
			files = (
				9E87F600232369940009062F /* SDL2.framework in Copy Frameworks */,
				9E87F5FF2323697A0009062F /* SDL2_image.framework in Copy Frameworks */,
			);
			name = "Copy Frameworks";
			runOnlyForDeploymentPostprocessing = 0;
		};
/* End PBXCopyFilesBuildPhase section */

/* Begin PBXFileReference section */
		9E04F4D522A5718500C7F042 /* PlatformXCB.h */ = {isa = PBXFileReference; lastKnownFileType = sourcecode.c.h; path = PlatformXCB.h; sourceTree = "<group>"; };
		9E07254723316854005C38E4 /* PlatformSpecifics.h */ = {isa = PBXFileReference; fileEncoding = 4; lastKnownFileType = sourcecode.c.h; name = PlatformSpecifics.h; path = src/PlatformSpecifics.h; sourceTree = SOURCE_ROOT; };
		9E1124E2220F8F7300DBA190 /* SDL_iOS.framework */ = {isa = PBXFileReference; lastKnownFileType = wrapper.framework; name = SDL_iOS.framework; path = iOSFrameworks/SDL_iOS.framework; sourceTree = "<group>"; };
		9E1124E7220F988100DBA190 /* Metal.framework */ = {isa = PBXFileReference; lastKnownFileType = wrapper.framework; name = Metal.framework; path = System/Library/Frameworks/Metal.framework; sourceTree = SDKROOT; };
		9E1124E9220F991000DBA190 /* CoreServices.framework */ = {isa = PBXFileReference; lastKnownFileType = wrapper.framework; name = CoreServices.framework; path = System/Library/Frameworks/CoreServices.framework; sourceTree = SDKROOT; };
		9E1124EB220F998F00DBA190 /* IOKit.framework */ = {isa = PBXFileReference; lastKnownFileType = wrapper.framework; name = IOKit.framework; path = System/Library/Frameworks/IOKit.framework; sourceTree = SDKROOT; };
		9E1124EE220F9A0900DBA190 /* MetalKit.framework */ = {isa = PBXFileReference; lastKnownFileType = wrapper.framework; name = MetalKit.framework; path = System/Library/Frameworks/MetalKit.framework; sourceTree = SDKROOT; };
		9E1124F0220F9AD000DBA190 /* Cocoa.framework */ = {isa = PBXFileReference; lastKnownFileType = wrapper.framework; name = Cocoa.framework; path = System/Library/Frameworks/Cocoa.framework; sourceTree = SDKROOT; };
		9E1124F3220F9D2E00DBA190 /* QuartzCore.framework */ = {isa = PBXFileReference; lastKnownFileType = wrapper.framework; name = QuartzCore.framework; path = System/Library/Frameworks/QuartzCore.framework; sourceTree = SDKROOT; };
		9E128D98247C350D00032E8E /* Logging.cpp */ = {isa = PBXFileReference; fileEncoding = 4; lastKnownFileType = sourcecode.cpp.cpp; path = Logging.cpp; sourceTree = "<group>"; };
		9E128D99247C350E00032E8E /* Logging.h */ = {isa = PBXFileReference; fileEncoding = 4; lastKnownFileType = sourcecode.c.h; path = Logging.h; sourceTree = "<group>"; };
		9E128D9B247C358D00032E8E /* Universal.h */ = {isa = PBXFileReference; fileEncoding = 4; lastKnownFileType = sourcecode.c.h; path = Universal.h; sourceTree = "<group>"; };
		9E240CEC2334ED46003D0269 /* LaunchScreen.storyboard */ = {isa = PBXFileReference; lastKnownFileType = file.storyboard; path = LaunchScreen.storyboard; sourceTree = "<group>"; };
		9E2A277C2215331B00B4FDBC /* PlatformSDL.cpp */ = {isa = PBXFileReference; fileEncoding = 4; lastKnownFileType = sourcecode.cpp.cpp; path = PlatformSDL.cpp; sourceTree = "<group>"; };
		9E2A277D2215331B00B4FDBC /* iPlatform.h */ = {isa = PBXFileReference; fileEncoding = 4; lastKnownFileType = sourcecode.c.h; path = iPlatform.h; sourceTree = "<group>"; };
		9E2A277F2215331B00B4FDBC /* PlatformSDL.h */ = {isa = PBXFileReference; fileEncoding = 4; lastKnownFileType = sourcecode.c.h; path = PlatformSDL.h; sourceTree = "<group>"; };
		9E2A27842215333200B4FDBC /* PlatformGLFW.h */ = {isa = PBXFileReference; lastKnownFileType = sourcecode.c.h; path = PlatformGLFW.h; sourceTree = "<group>"; };
		9E2A27852215333200B4FDBC /* PlatformGLFW.cpp */ = {isa = PBXFileReference; lastKnownFileType = sourcecode.cpp.cpp; path = PlatformGLFW.cpp; sourceTree = "<group>"; };
		9E2A27862217349900B4FDBC /* HelloTriangle.h */ = {isa = PBXFileReference; fileEncoding = 4; lastKnownFileType = sourcecode.c.h; path = HelloTriangle.h; sourceTree = "<group>"; };
		9E2DAE02232A81CC004ADDCB /* Quad2D.cpp */ = {isa = PBXFileReference; lastKnownFileType = sourcecode.cpp.cpp; path = Quad2D.cpp; sourceTree = "<group>"; };
		9E2DAE05232A86E2004ADDCB /* Vertex2D.h */ = {isa = PBXFileReference; lastKnownFileType = sourcecode.c.h; path = Vertex2D.h; sourceTree = "<group>"; };
		9E2DAE08232CDD3F004ADDCB /* Vertex2DTextureTinted.h */ = {isa = PBXFileReference; fileEncoding = 4; lastKnownFileType = sourcecode.c.h; path = Vertex2DTextureTinted.h; sourceTree = "<group>"; };
		9E2DAE0A232CE035004ADDCB /* Quad2DTextureTinted.cpp */ = {isa = PBXFileReference; fileEncoding = 4; lastKnownFileType = sourcecode.cpp.cpp; path = Quad2DTextureTinted.cpp; sourceTree = "<group>"; };
		9E2DAE0C232CE1A5004ADDCB /* Quad2DTextured.cpp */ = {isa = PBXFileReference; fileEncoding = 4; lastKnownFileType = sourcecode.cpp.cpp; path = Quad2DTextured.cpp; sourceTree = "<group>"; };
		9E2DAE10232D8428004ADDCB /* TexturedQuad.frag */ = {isa = PBXFileReference; fileEncoding = 4; lastKnownFileType = sourcecode.glsl; name = TexturedQuad.frag; path = ../shaders/TexturedQuad.frag; sourceTree = "<group>"; };
		9E2DAE11232D8428004ADDCB /* TexturedQuad.vert */ = {isa = PBXFileReference; fileEncoding = 4; lastKnownFileType = sourcecode.glsl; name = TexturedQuad.vert; path = ../shaders/TexturedQuad.vert; sourceTree = "<group>"; };
		9E2DAE17232E8BFA004ADDCB /* IOSurface.framework */ = {isa = PBXFileReference; lastKnownFileType = wrapper.framework; name = IOSurface.framework; path = System/Library/Frameworks/IOSurface.framework; sourceTree = SDKROOT; };
		9E3808372303019200FDF839 /* LocalFileSystem.h */ = {isa = PBXFileReference; lastKnownFileType = sourcecode.c.h; name = LocalFileSystem.h; path = src/LocalFileSystem.h; sourceTree = SOURCE_ROOT; };
		9E389209232973490024D111 /* Descriptors.cpp */ = {isa = PBXFileReference; fileEncoding = 4; lastKnownFileType = sourcecode.cpp.cpp; path = Descriptors.cpp; sourceTree = "<group>"; };
		9E38920A232973490024D111 /* Descriptors.h */ = {isa = PBXFileReference; fileEncoding = 4; lastKnownFileType = sourcecode.c.h; path = Descriptors.h; sourceTree = "<group>"; };
		9E3CA04222834D9A007494D6 /* DeviceQueues.cpp */ = {isa = PBXFileReference; lastKnownFileType = sourcecode.cpp.cpp; path = DeviceQueues.cpp; sourceTree = "<group>"; };
		9E3CA04322834D9A007494D6 /* DeviceQueues.h */ = {isa = PBXFileReference; lastKnownFileType = sourcecode.c.h; path = DeviceQueues.h; sourceTree = "<group>"; };
		9E4480542462D8ED009A8EA4 /* imgui.h */ = {isa = PBXFileReference; fileEncoding = 4; lastKnownFileType = sourcecode.c.h; path = imgui.h; sourceTree = "<group>"; };
		9E4480552462D8ED009A8EA4 /* imgui_impl_sdl.h */ = {isa = PBXFileReference; fileEncoding = 4; lastKnownFileType = sourcecode.c.h; path = imgui_impl_sdl.h; sourceTree = "<group>"; };
		9E4480562462D8ED009A8EA4 /* imgui_impl_sdl.cpp */ = {isa = PBXFileReference; fileEncoding = 4; lastKnownFileType = sourcecode.cpp.cpp; path = imgui_impl_sdl.cpp; sourceTree = "<group>"; };
		9E4480592462DA13009A8EA4 /* AddOns.h */ = {isa = PBXFileReference; fileEncoding = 4; lastKnownFileType = sourcecode.c.h; path = AddOns.h; sourceTree = "<group>"; };
		9E44805A2462DA13009A8EA4 /* AddOns.cpp */ = {isa = PBXFileReference; fileEncoding = 4; lastKnownFileType = sourcecode.cpp.cpp; path = AddOns.cpp; sourceTree = "<group>"; };
		9E44805B2462DA13009A8EA4 /* iRenderable.h */ = {isa = PBXFileReference; fileEncoding = 4; lastKnownFileType = sourcecode.c.h; path = iRenderable.h; sourceTree = "<group>"; };
		9E44805C2462DA13009A8EA4 /* FixedRenderable.cpp */ = {isa = PBXFileReference; fileEncoding = 4; lastKnownFileType = sourcecode.cpp.cpp; path = FixedRenderable.cpp; sourceTree = "<group>"; };
		9E44805D2462DA13009A8EA4 /* FixedRenderable.h */ = {isa = PBXFileReference; fileEncoding = 4; lastKnownFileType = sourcecode.c.h; path = FixedRenderable.h; sourceTree = "<group>"; };
		9E4480632462DAE0009A8EA4 /* EventObjects.cpp */ = {isa = PBXFileReference; fileEncoding = 4; lastKnownFileType = sourcecode.cpp.cpp; path = EventObjects.cpp; sourceTree = "<group>"; };
		9E4480642462DAE0009A8EA4 /* EventObjects.h */ = {isa = PBXFileReference; fileEncoding = 4; lastKnownFileType = sourcecode.c.h; path = EventObjects.h; sourceTree = "<group>"; };
		9E61A5DD24A8284300AF6133 /* jsonConvert_c.h */ = {isa = PBXFileReference; fileEncoding = 4; lastKnownFileType = sourcecode.c.c; path = jsonConvert_c.h; sourceTree = "<group>"; };
		9E61A5DE24A8284300AF6133 /* AppSettings.h */ = {isa = PBXFileReference; fileEncoding = 4; lastKnownFileType = sourcecode.c.h; path = AppSettings.h; sourceTree = "<group>"; };
		9E61A5DF24A8284300AF6133 /* AppSettings.cpp */ = {isa = PBXFileReference; fileEncoding = 4; lastKnownFileType = sourcecode.cpp.cpp; path = AppSettings.cpp; sourceTree = "<group>"; };
		9E61A5E424A830DC00AF6133 /* json.hpp */ = {isa = PBXFileReference; lastKnownFileType = sourcecode.cpp.h; path = json.hpp; sourceTree = "<group>"; };
		9E6B2DE12332AF5300F7575D /* Images.xcassets */ = {isa = PBXFileReference; lastKnownFileType = folder.assetcatalog; name = Images.xcassets; path = Resources/iOS/Images.xcassets; sourceTree = SOURCE_ROOT; };
		9E6BC84925EE8F2500B8C40F /* Customizer.h */ = {isa = PBXFileReference; lastKnownFileType = sourcecode.c.h; path = Customizer.h; sourceTree = "<group>"; };
		9E6C1B0E234BF74900A86F04 /* Mipmaps.h */ = {isa = PBXFileReference; fileEncoding = 4; lastKnownFileType = sourcecode.c.h; path = Mipmaps.h; sourceTree = "<group>"; };
		9E6C1B0F234BF96200A86F04 /* sdlEquivalents.h */ = {isa = PBXFileReference; fileEncoding = 4; lastKnownFileType = sourcecode.c.h; path = sdlEquivalents.h; sourceTree = "<group>"; };
		9E7C112229D4960B00D6DDEB /* VulkanMath.h */ = {isa = PBXFileReference; fileEncoding = 4; lastKnownFileType = sourcecode.c.h; path = VulkanMath.h; sourceTree = "<group>"; };
		9E7C113529DC9A8E00D6DDEB /* iControlScheme.h */ = {isa = PBXFileReference; fileEncoding = 4; lastKnownFileType = sourcecode.c.h; name = iControlScheme.h; path = ControlScheme/iControlScheme.h; sourceTree = "<group>"; };
		9E82E59922037F2300AC8F7D /* ValidationLayers.cpp */ = {isa = PBXFileReference; lastKnownFileType = sourcecode.cpp.cpp; path = ValidationLayers.cpp; sourceTree = "<group>"; };
		9E82E59A22037F2300AC8F7D /* ValidationLayers.h */ = {isa = PBXFileReference; lastKnownFileType = sourcecode.c.h; path = ValidationLayers.h; sourceTree = "<group>"; };
		9E82E59C2203B51600AC8F7D /* Swapchain.cpp */ = {isa = PBXFileReference; fileEncoding = 4; lastKnownFileType = sourcecode.cpp.cpp; path = Swapchain.cpp; sourceTree = "<group>"; };
		9E82E59D2203B51600AC8F7D /* Framebuffers.h */ = {isa = PBXFileReference; fileEncoding = 4; lastKnownFileType = sourcecode.c.h; path = Framebuffers.h; sourceTree = "<group>"; };
		9E82E59E2203B51600AC8F7D /* WindowSurface.cpp */ = {isa = PBXFileReference; fileEncoding = 4; lastKnownFileType = sourcecode.cpp.cpp; path = WindowSurface.cpp; sourceTree = "<group>"; };
		9E82E59F2203B51600AC8F7D /* RenderPass.cpp */ = {isa = PBXFileReference; fileEncoding = 4; lastKnownFileType = sourcecode.cpp.cpp; path = RenderPass.cpp; sourceTree = "<group>"; };
		9E82E5A02203B51600AC8F7D /* GraphicsPipeline.h */ = {isa = PBXFileReference; fileEncoding = 4; lastKnownFileType = sourcecode.c.h; path = GraphicsPipeline.h; sourceTree = "<group>"; };
		9E82E5A12203B51600AC8F7D /* RenderPass.h */ = {isa = PBXFileReference; fileEncoding = 4; lastKnownFileType = sourcecode.c.h; path = RenderPass.h; sourceTree = "<group>"; };
		9E82E5A22203B51600AC8F7D /* WindowSurface.h */ = {isa = PBXFileReference; fileEncoding = 4; lastKnownFileType = sourcecode.c.h; path = WindowSurface.h; sourceTree = "<group>"; };
		9E82E5A32203B51600AC8F7D /* Swapchain.h */ = {isa = PBXFileReference; fileEncoding = 4; lastKnownFileType = sourcecode.c.h; path = Swapchain.h; sourceTree = "<group>"; };
		9E82E5A42203B51600AC8F7D /* SyncObjects.cpp */ = {isa = PBXFileReference; fileEncoding = 4; lastKnownFileType = sourcecode.cpp.cpp; path = SyncObjects.cpp; sourceTree = "<group>"; };
		9E82E5A52203B51600AC8F7D /* GraphicsDevice.h */ = {isa = PBXFileReference; fileEncoding = 4; lastKnownFileType = sourcecode.c.h; path = GraphicsDevice.h; sourceTree = "<group>"; };
		9E82E5A62203B51600AC8F7D /* SyncObjects.h */ = {isa = PBXFileReference; fileEncoding = 4; lastKnownFileType = sourcecode.c.h; path = SyncObjects.h; sourceTree = "<group>"; };
		9E82E5A72203B51600AC8F7D /* Framebuffers.cpp */ = {isa = PBXFileReference; fileEncoding = 4; lastKnownFileType = sourcecode.cpp.cpp; path = Framebuffers.cpp; sourceTree = "<group>"; };
		9E82E5A82203B51600AC8F7D /* CommandObjects.h */ = {isa = PBXFileReference; fileEncoding = 4; lastKnownFileType = sourcecode.c.h; path = CommandObjects.h; sourceTree = "<group>"; };
		9E82E5A92203B51600AC8F7D /* CommandObjects.cpp */ = {isa = PBXFileReference; fileEncoding = 4; lastKnownFileType = sourcecode.cpp.cpp; path = CommandObjects.cpp; sourceTree = "<group>"; };
		9E82E5AA2203B51700AC8F7D /* GraphicsDevice.cpp */ = {isa = PBXFileReference; fileEncoding = 4; lastKnownFileType = sourcecode.cpp.cpp; path = GraphicsDevice.cpp; sourceTree = "<group>"; };
		9E82E5AB2203B51700AC8F7D /* GraphicsPipeline.cpp */ = {isa = PBXFileReference; fileEncoding = 4; lastKnownFileType = sourcecode.cpp.cpp; path = GraphicsPipeline.cpp; sourceTree = "<group>"; };
		9E82E5B42206453800AC8F7D /* VulkanSetup.cpp */ = {isa = PBXFileReference; fileEncoding = 4; lastKnownFileType = sourcecode.cpp.cpp; path = VulkanSetup.cpp; sourceTree = "<group>"; };
		9E82E5B52206453800AC8F7D /* VulkanSetup.h */ = {isa = PBXFileReference; fileEncoding = 4; lastKnownFileType = sourcecode.c.h; path = VulkanSetup.h; sourceTree = "<group>"; };
		9E82E5B72208A0E600AC8F7D /* VulkanSingleton.h */ = {isa = PBXFileReference; fileEncoding = 4; lastKnownFileType = sourcecode.c.h; path = VulkanSingleton.h; sourceTree = "<group>"; };
		9E82E5B82208B4BE00AC8F7D /* VulkanInstance.h */ = {isa = PBXFileReference; fileEncoding = 4; lastKnownFileType = sourcecode.c.h; path = VulkanInstance.h; sourceTree = "<group>"; };
		9E82E5B92208B4BE00AC8F7D /* VulkanInstance.cpp */ = {isa = PBXFileReference; fileEncoding = 4; lastKnownFileType = sourcecode.cpp.cpp; path = VulkanInstance.cpp; sourceTree = "<group>"; };
		9E82E5D4220A345B00AC8F7D /* HelloTriangle.app */ = {isa = PBXFileReference; explicitFileType = wrapper.application; includeInIndex = 0; path = HelloTriangle.app; sourceTree = BUILT_PRODUCTS_DIR; };
		9E87F5BE232147CF0009062F /* 21_shader_ubo.vert */ = {isa = PBXFileReference; fileEncoding = 4; lastKnownFileType = sourcecode.glsl; name = 21_shader_ubo.vert; path = ../shaders/21_shader_ubo.vert; sourceTree = "<group>"; };
		9E87F5BF232147D00009062F /* 21_shader_ubo.frag */ = {isa = PBXFileReference; fileEncoding = 4; lastKnownFileType = sourcecode.glsl; name = 21_shader_ubo.frag; path = ../shaders/21_shader_ubo.frag; sourceTree = "<group>"; };
		9E87F5C0232147D00009062F /* 25_shader_textures.vert */ = {isa = PBXFileReference; fileEncoding = 4; lastKnownFileType = sourcecode.glsl; name = 25_shader_textures.vert; path = ../shaders/25_shader_textures.vert; sourceTree = "<group>"; };
		9E87F5C1232147D00009062F /* 25_shader_textures.frag */ = {isa = PBXFileReference; fileEncoding = 4; lastKnownFileType = sourcecode.glsl; name = 25_shader_textures.frag; path = ../shaders/25_shader_textures.frag; sourceTree = "<group>"; };
		9E87F5C623214D150009062F /* textures */ = {isa = PBXFileReference; lastKnownFileType = folder; name = textures; path = ../../assets/textures; sourceTree = "<group>"; };
		9E87F5C923217A210009062F /* TextureImage.h */ = {isa = PBXFileReference; fileEncoding = 4; lastKnownFileType = sourcecode.c.h; path = TextureImage.h; sourceTree = "<group>"; };
		9E87F5CA23217A210009062F /* TextureImage.cpp */ = {isa = PBXFileReference; fileEncoding = 4; lastKnownFileType = sourcecode.cpp.cpp; path = TextureImage.cpp; sourceTree = "<group>"; };
		9E87F5CD232183880009062F /* CommandBufferBase.h */ = {isa = PBXFileReference; fileEncoding = 4; lastKnownFileType = sourcecode.c.h; path = CommandBufferBase.h; sourceTree = "<group>"; };
		9E87F5CE232192750009062F /* SDL_image_iOS.framework */ = {isa = PBXFileReference; lastKnownFileType = wrapper.framework; name = SDL_image_iOS.framework; path = iOSFrameworks/SDL_image_iOS.framework; sourceTree = "<group>"; };
		9E87F5F7232225D20009062F /* SDL2.framework */ = {isa = PBXFileReference; lastKnownFileType = wrapper.framework; name = SDL2.framework; path = ../External/SDL/Xcode/SDL/build/Products/Debug/SDL2.framework; sourceTree = "<group>"; };
		9E87F5F9232225E70009062F /* SDL2_image.framework */ = {isa = PBXFileReference; lastKnownFileType = wrapper.framework; name = SDL2_image.framework; path = ../External/SDL_image/Xcode/build/Products/Debug/SDL2_image.framework; sourceTree = "<group>"; };
		9E87F5FB2323071F0009062F /* iImageSource.h */ = {isa = PBXFileReference; fileEncoding = 4; lastKnownFileType = sourcecode.c.h; path = iImageSource.h; sourceTree = "<group>"; };
		9E87F5FC2323071F0009062F /* ImageSTB.h */ = {isa = PBXFileReference; fileEncoding = 4; lastKnownFileType = sourcecode.c.h; path = ImageSTB.h; sourceTree = "<group>"; };
		9E87F5FD2323071F0009062F /* ImageSDL.h */ = {isa = PBXFileReference; fileEncoding = 4; lastKnownFileType = sourcecode.c.h; path = ImageSDL.h; sourceTree = "<group>"; };
		9E8CE2AB24EC8DB000BD7B37 /* FileSystemSDL.h */ = {isa = PBXFileReference; fileEncoding = 4; lastKnownFileType = sourcecode.c.h; path = FileSystemSDL.h; sourceTree = "<group>"; };
		9EA5CCF2230F025000178010 /* PlatformConstants.h */ = {isa = PBXFileReference; lastKnownFileType = sourcecode.c.h; name = PlatformConstants.h; path = src/PlatformConstants.h; sourceTree = SOURCE_ROOT; };
		9EA5CCF3230F4EA600178010 /* Helpers.h */ = {isa = PBXFileReference; lastKnownFileType = sourcecode.c.h; path = Helpers.h; sourceTree = "<group>"; };
		9EA5CCF4230F7E0A00178010 /* Info.plist */ = {isa = PBXFileReference; lastKnownFileType = text.plist.xml; path = Info.plist; sourceTree = "<group>"; };
		9EA5CCF623134C6C00178010 /* tjVolcanic.frag */ = {isa = PBXFileReference; lastKnownFileType = sourcecode.glsl; name = tjVolcanic.frag; path = ../shaders/tjVolcanic.frag; sourceTree = "<group>"; };
		9EA5CCF723134C6C00178010 /* basicPlaid.frag */ = {isa = PBXFileReference; lastKnownFileType = sourcecode.glsl; name = basicPlaid.frag; path = ../shaders/basicPlaid.frag; sourceTree = "<group>"; };
		9EA5CCF823134C6C00178010 /* FullScreenTriangle.vert */ = {isa = PBXFileReference; lastKnownFileType = sourcecode.glsl; name = FullScreenTriangle.vert; path = ../shaders/FullScreenTriangle.vert; sourceTree = "<group>"; };
		9EA5CCF9231367E800178010 /* 17_shader_vertexbuffer.frag */ = {isa = PBXFileReference; fileEncoding = 4; lastKnownFileType = sourcecode.glsl; name = 17_shader_vertexbuffer.frag; path = ../shaders/17_shader_vertexbuffer.frag; sourceTree = "<group>"; };
		9EA5CCFA231367E800178010 /* 17_shader_vertexbuffer.vert */ = {isa = PBXFileReference; fileEncoding = 4; lastKnownFileType = sourcecode.glsl; name = 17_shader_vertexbuffer.vert; path = ../shaders/17_shader_vertexbuffer.vert; sourceTree = "<group>"; };
		9EA5CCFE231450BE00178010 /* Triangle2DColored.cpp */ = {isa = PBXFileReference; lastKnownFileType = sourcecode.cpp.cpp; path = Triangle2DColored.cpp; sourceTree = "<group>"; };
		9EA5CCFF231450BE00178010 /* Vertex2DColored.h */ = {isa = PBXFileReference; lastKnownFileType = sourcecode.c.h; path = Vertex2DColored.h; sourceTree = "<group>"; };
		9EA6481C22003AC200FD3DB0 /* main.cpp */ = {isa = PBXFileReference; lastKnownFileType = sourcecode.cpp.cpp; name = main.cpp; path = ../src/main.cpp; sourceTree = "<group>"; };
		9EA6482122003B2900FD3DB0 /* HelloTriangle.app */ = {isa = PBXFileReference; explicitFileType = wrapper.application; includeInIndex = 0; path = HelloTriangle.app; sourceTree = BUILT_PRODUCTS_DIR; };
		9EA648342200C65500FD3DB0 /* vkEnumStrings.cpp */ = {isa = PBXFileReference; lastKnownFileType = sourcecode.cpp.cpp; path = vkEnumStrings.cpp; sourceTree = "<group>"; };
		9EA64839220162B700FD3DB0 /* Info.plist */ = {isa = PBXFileReference; fileEncoding = 4; lastKnownFileType = text.plist.xml; path = Info.plist; sourceTree = "<group>"; };
		9EA6483C2201635000FD3DB0 /* HelloTriangle.cpp */ = {isa = PBXFileReference; fileEncoding = 4; lastKnownFileType = sourcecode.cpp.cpp; path = HelloTriangle.cpp; sourceTree = "<group>"; };
		9EC485852225801D007C7242 /* AppConstants.h */ = {isa = PBXFileReference; lastKnownFileType = sourcecode.c.h; path = AppConstants.h; sourceTree = "<group>"; };
		9EC48586222B0E86007C7242 /* VulkanPlatform.h */ = {isa = PBXFileReference; lastKnownFileType = sourcecode.c.h; path = VulkanPlatform.h; sourceTree = "<group>"; };
		9EC4858A222DE445007C7242 /* PlatformCommon.cpp */ = {isa = PBXFileReference; fileEncoding = 4; lastKnownFileType = sourcecode.cpp.cpp; path = PlatformCommon.cpp; sourceTree = "<group>"; };
		9EC4858D2231A31F007C7242 /* PlatformExtension.h */ = {isa = PBXFileReference; fileEncoding = 4; lastKnownFileType = sourcecode.c.h; path = PlatformExtension.h; sourceTree = "<group>"; };
		9ECA3981220255BE00B2A7B3 /* compiledShaders */ = {isa = PBXFileReference; lastKnownFileType = folder; path = compiledShaders; sourceTree = "<group>"; };
		9ECA39842202560E00B2A7B3 /* 09_shader_base.frag */ = {isa = PBXFileReference; fileEncoding = 4; lastKnownFileType = sourcecode.glsl; path = 09_shader_base.frag; sourceTree = "<group>"; };
		9ECA39852202560E00B2A7B3 /* compile.sh */ = {isa = PBXFileReference; fileEncoding = 4; lastKnownFileType = text.script.sh; path = compile.sh; sourceTree = "<group>"; };
		9ECA39862202560E00B2A7B3 /* 09_shader_base.vert */ = {isa = PBXFileReference; fileEncoding = 4; lastKnownFileType = sourcecode.glsl; path = 09_shader_base.vert; sourceTree = "<group>"; };
		9ED90BD42337F7ED0004BAFA /* RenderSettings.h */ = {isa = PBXFileReference; lastKnownFileType = sourcecode.c.h; path = RenderSettings.h; sourceTree = "<group>"; };
		9EDC51622AE026620098F52D /* ImageResource.h */ = {isa = PBXFileReference; fileEncoding = 4; lastKnownFileType = sourcecode.c.h; path = ImageResource.h; sourceTree = "<group>"; };
		9EDC51632AE026620098F52D /* DepthBuffer.h */ = {isa = PBXFileReference; fileEncoding = 4; lastKnownFileType = sourcecode.c.h; path = DepthBuffer.h; sourceTree = "<group>"; };
		9EDC51642AE026620098F52D /* DepthBuffer.cpp */ = {isa = PBXFileReference; fileEncoding = 4; lastKnownFileType = sourcecode.cpp.cpp; path = DepthBuffer.cpp; sourceTree = "<group>"; };
		9EDC51652AE026620098F52D /* ImageResource.cpp */ = {isa = PBXFileReference; fileEncoding = 4; lastKnownFileType = sourcecode.cpp.cpp; path = ImageResource.cpp; sourceTree = "<group>"; };
		9EEA190A2AF0742A00EB47F4 /* MoltenVK.xcframework */ = {isa = PBXFileReference; lastKnownFileType = wrapper.xcframework; name = MoltenVK.xcframework; path = ../External/VulkanSDK/MoltenVK/MoltenVK.xcframework; sourceTree = "<group>"; };
		9EEA19152B03C47100EB47F4 /* DrawableSpecifier.h */ = {isa = PBXFileReference; lastKnownFileType = sourcecode.c.h; path = DrawableSpecifier.h; sourceTree = "<group>"; };
		9EEA19182B04826700EB47F4 /* Vertex2DTypes.h */ = {isa = PBXFileReference; lastKnownFileType = sourcecode.c.h; path = Vertex2DTypes.h; sourceTree = "<group>"; };
		9EEA19192B04826700EB47F4 /* VertexAttribute.h */ = {isa = PBXFileReference; lastKnownFileType = sourcecode.c.h; path = VertexAttribute.h; sourceTree = "<group>"; };
		9EEA191A2B04826700EB47F4 /* VertexDescription.h */ = {isa = PBXFileReference; lastKnownFileType = sourcecode.c.h; path = VertexDescription.h; sourceTree = "<group>"; };
		9EEBF70C226DFBF700AC0B7F /* DebugReport.h */ = {isa = PBXFileReference; fileEncoding = 4; lastKnownFileType = sourcecode.c.h; path = DebugReport.h; sourceTree = "<group>"; };
		9EEBF70D226DFBF700AC0B7F /* DebugReport.cpp */ = {isa = PBXFileReference; fileEncoding = 4; lastKnownFileType = sourcecode.cpp.cpp; path = DebugReport.cpp; sourceTree = "<group>"; };
		9EEBF7122280645A00AC0B7F /* optional.h */ = {isa = PBXFileReference; fileEncoding = 4; lastKnownFileType = sourcecode.c.h; name = optional.h; path = src/optional.h; sourceTree = SOURCE_ROOT; };
		9EF5A4E02314D26400524830 /* PrimitiveBuffer.cpp */ = {isa = PBXFileReference; lastKnownFileType = sourcecode.cpp.cpp; path = PrimitiveBuffer.cpp; sourceTree = "<group>"; };
		9EF5A4E12314D26400524830 /* PrimitiveBuffer.h */ = {isa = PBXFileReference; lastKnownFileType = sourcecode.c.h; path = PrimitiveBuffer.h; sourceTree = "<group>"; };
		9EF5A4E52315C01100524830 /* VertexAbstract.h */ = {isa = PBXFileReference; fileEncoding = 4; lastKnownFileType = sourcecode.c.h; path = VertexAbstract.h; sourceTree = "<group>"; };
		9EF5A4E623173DD300524830 /* MeshObject.h */ = {isa = PBXFileReference; fileEncoding = 4; lastKnownFileType = sourcecode.c.h; path = MeshObject.h; sourceTree = "<group>"; };
		9EF5A4E7231998D800524830 /* VertexNull.h */ = {isa = PBXFileReference; fileEncoding = 4; lastKnownFileType = sourcecode.c.h; path = VertexNull.h; sourceTree = "<group>"; };
		9EF5A4E8231B228900524830 /* Quad2DColored.cpp */ = {isa = PBXFileReference; fileEncoding = 4; lastKnownFileType = sourcecode.cpp.cpp; path = Quad2DColored.cpp; sourceTree = "<group>"; };
		9EF5A4EB231B27BA00524830 /* VertexTypes.cpp */ = {isa = PBXFileReference; lastKnownFileType = sourcecode.cpp.cpp; path = VertexTypes.cpp; sourceTree = "<group>"; };
		9EF5A4EF231ED00300524830 /* UniformBuffer.h */ = {isa = PBXFileReference; fileEncoding = 4; lastKnownFileType = sourcecode.c.h; path = UniformBuffer.h; sourceTree = "<group>"; };
		9EF5A4F0231ED00300524830 /* UniformBuffer.cpp */ = {isa = PBXFileReference; fileEncoding = 4; lastKnownFileType = sourcecode.cpp.cpp; path = UniformBuffer.cpp; sourceTree = "<group>"; };
		9EF5A4F3231EF79000524830 /* BufferBase.h */ = {isa = PBXFileReference; fileEncoding = 4; lastKnownFileType = sourcecode.c.h; path = BufferBase.h; sourceTree = "<group>"; };
		9EF5A4F4231F083D00524830 /* UniformBufferLiterals.h */ = {isa = PBXFileReference; lastKnownFileType = sourcecode.c.h; path = UniformBufferLiterals.h; sourceTree = "<group>"; };
		9EFA5B2A22DD0CF100B63757 /* VulkanConfigure.h */ = {isa = PBXFileReference; lastKnownFileType = sourcecode.c.h; path = VulkanConfigure.h; sourceTree = "<group>"; };
		9EFA5B2D22EB466500B63757 /* DeviceAssessment.cpp */ = {isa = PBXFileReference; fileEncoding = 4; lastKnownFileType = sourcecode.cpp.cpp; path = DeviceAssessment.cpp; sourceTree = "<group>"; };
		9EFA5B2E22EB466500B63757 /* DeviceAssessment.h */ = {isa = PBXFileReference; fileEncoding = 4; lastKnownFileType = sourcecode.c.h; path = DeviceAssessment.h; sourceTree = "<group>"; };
		9EFA5B3122F1C7E200B63757 /* Utility.cpp */ = {isa = PBXFileReference; fileEncoding = 4; lastKnownFileType = sourcecode.cpp.cpp; path = Utility.cpp; sourceTree = "<group>"; };
		9EFA5B3222F1C7E200B63757 /* Utility.h */ = {isa = PBXFileReference; fileEncoding = 4; lastKnownFileType = sourcecode.c.h; path = Utility.h; sourceTree = "<group>"; };
		9EFA5B3522F8C4D000B63757 /* DeviceRanking.cpp */ = {isa = PBXFileReference; fileEncoding = 4; lastKnownFileType = sourcecode.cpp.cpp; path = DeviceRanking.cpp; sourceTree = "<group>"; };
		9EFA5B3622F8C4D100B63757 /* DeviceRanking.h */ = {isa = PBXFileReference; fileEncoding = 4; lastKnownFileType = sourcecode.c.h; path = DeviceRanking.h; sourceTree = "<group>"; };
		9EFA5B3A22F8CE3500B63757 /* DeviceProfile.h */ = {isa = PBXFileReference; fileEncoding = 4; lastKnownFileType = sourcecode.c.h; path = DeviceProfile.h; sourceTree = "<group>"; };
		9EFA5B3D2301265E00B63757 /* ShaderModules.cpp */ = {isa = PBXFileReference; lastKnownFileType = sourcecode.cpp.cpp; path = ShaderModules.cpp; sourceTree = "<group>"; };
		9EFA5B3E2301265E00B63757 /* ShaderModules.h */ = {isa = PBXFileReference; lastKnownFileType = sourcecode.c.h; path = ShaderModules.h; sourceTree = "<group>"; };
		9EFA5B412301D14E00B63757 /* Shader.h */ = {isa = PBXFileReference; lastKnownFileType = sourcecode.c.h; path = Shader.h; sourceTree = "<group>"; };
		9EFA5B4223024AA900B63757 /* FileSystem.cpp */ = {isa = PBXFileReference; lastKnownFileType = sourcecode.cpp.cpp; path = FileSystem.cpp; sourceTree = "<group>"; };
		9EFA5B4323024AA900B63757 /* FileSystem.h */ = {isa = PBXFileReference; lastKnownFileType = sourcecode.c.h; path = FileSystem.h; sourceTree = "<group>"; };
/* End PBXFileReference section */

/* Begin PBXFrameworksBuildPhase section */
		9E82E5CB220A345B00AC8F7D /* Frameworks */ = {
			isa = PBXFrameworksBuildPhase;
			buildActionMask = 2147483647;
			files = (
				9EEA190B2AF0742A00EB47F4 /* MoltenVK.xcframework in Frameworks */,
				9E1124EA220F991000DBA190 /* CoreServices.framework in Frameworks */,
				9E1124F4220F9D2E00DBA190 /* QuartzCore.framework in Frameworks */,
				9E1124F1220F9AD000DBA190 /* Cocoa.framework in Frameworks */,
				9E1124EC220F998F00DBA190 /* IOKit.framework in Frameworks */,
				9E2DAE18232E8BFA004ADDCB /* IOSurface.framework in Frameworks */,
				9E1124ED220F9A0900DBA190 /* Metal.framework in Frameworks */,
				9E87F5F8232225D20009062F /* SDL2.framework in Frameworks */,
				9E87F5FA232225E70009062F /* SDL2_image.framework in Frameworks */,
			);
			runOnlyForDeploymentPostprocessing = 0;
		};
		9EA6481E22003B2900FD3DB0 /* Frameworks */ = {
			isa = PBXFrameworksBuildPhase;
			buildActionMask = 2147483647;
			files = (
				9EEA190C2AF0743D00EB47F4 /* MoltenVK.xcframework in Frameworks */,
				9E6B2DD7233272A800F7575D /* IOKit.framework in Frameworks */,
				9E6B2DD8233272E000F7575D /* IOSurface.framework in Frameworks */,
				9E6B2DD92332730200F7575D /* Metal.framework in Frameworks */,
				9E1124E3220F8F7300DBA190 /* SDL_iOS.framework in Frameworks */,
				9E87F5CF232192750009062F /* SDL_image_iOS.framework in Frameworks */,
			);
			runOnlyForDeploymentPostprocessing = 0;
		};
/* End PBXFrameworksBuildPhase section */

/* Begin PBXGroup section */
		9E07254423313B21005C38E4 /* iOS */ = {
			isa = PBXGroup;
			children = (
				9E1124EE220F9A0900DBA190 /* MetalKit.framework */,
				9E1124E2220F8F7300DBA190 /* SDL_iOS.framework */,
				9E87F5CE232192750009062F /* SDL_image_iOS.framework */,
			);
			name = iOS;
			sourceTree = "<group>";
		};
		9E07254523313B2B005C38E4 /* macOS */ = {
			isa = PBXGroup;
			children = (
				9E87F5F7232225D20009062F /* SDL2.framework */,
				9E87F5F9232225E70009062F /* SDL2_image.framework */,
			);
			name = macOS;
			sourceTree = "<group>";
		};
		9E128D97247C349900032E8E /* Logger */ = {
			isa = PBXGroup;
			children = (
				9E128D98247C350D00032E8E /* Logging.cpp */,
				9E128D99247C350E00032E8E /* Logging.h */,
			);
			path = Logger;
			sourceTree = "<group>";
		};
		9E2A277B2215308500B4FDBC /* Platform */ = {
			isa = PBXGroup;
			children = (
				9EBD6192232EEA07005ADF20 /* OSAbstraction */,
				9EBD6193232EEA37005ADF20 /* ImageHandling */,
				9E4480532462D850009A8EA4 /* GUISystem */,
				9E8CE2AA24EC709100BD7B37 /* FileSystem */,
				9E128D97247C349900032E8E /* Logger */,
				9EC4858D2231A31F007C7242 /* PlatformExtension.h */,
				9EC4858A222DE445007C7242 /* PlatformCommon.cpp */,
				9E7C113529DC9A8E00D6DDEB /* iControlScheme.h */,
				9E128D9B247C358D00032E8E /* Universal.h */,
				9EEBF713228067FC00AC0B7F /* Apple */,
			);
			name = Platform;
			path = ../src/VulkanModule/Platform;
			sourceTree = "<group>";
		};
		9E4480532462D850009A8EA4 /* GUISystem */ = {
			isa = PBXGroup;
			children = (
				9E4480562462D8ED009A8EA4 /* imgui_impl_sdl.cpp */,
				9E4480552462D8ED009A8EA4 /* imgui_impl_sdl.h */,
				9E4480542462D8ED009A8EA4 /* imgui.h */,
			);
			name = GUISystem;
			path = GUISystem/stubs;
			sourceTree = "<group>";
		};
		9E4480582462D99D009A8EA4 /* Renderables */ = {
			isa = PBXGroup;
			children = (
				9E44805A2462DA13009A8EA4 /* AddOns.cpp */,
				9E4480592462DA13009A8EA4 /* AddOns.h */,
				9EEA19152B03C47100EB47F4 /* DrawableSpecifier.h */,
				9E44805B2462DA13009A8EA4 /* iRenderable.h */,
				9E44805C2462DA13009A8EA4 /* FixedRenderable.cpp */,
				9E44805D2462DA13009A8EA4 /* FixedRenderable.h */,
				9E6BC84925EE8F2500B8C40F /* Customizer.h */,
			);
			path = Renderables;
			sourceTree = "<group>";
		};
		9E61A5DC24A81FE700AF6133 /* Settings */ = {
			isa = PBXGroup;
			children = (
				9E61A5DF24A8284300AF6133 /* AppSettings.cpp */,
				9E61A5DE24A8284300AF6133 /* AppSettings.h */,
				9E61A5DD24A8284300AF6133 /* jsonConvert_c.h */,
				9E61A5E424A830DC00AF6133 /* json.hpp */,
			);
			path = Settings;
			sourceTree = "<group>";
		};
		9E6B2DE32332AFDE00F7575D /* iOS */ = {
			isa = PBXGroup;
			children = (
				9EA64839220162B700FD3DB0 /* Info.plist */,
				9E6B2DE12332AF5300F7575D /* Images.xcassets */,
				9E240CEC2334ED46003D0269 /* LaunchScreen.storyboard */,
			);
			path = iOS;
			sourceTree = "<group>";
		};
		9E6B2DE42332B06400F7575D /* macOS */ = {
			isa = PBXGroup;
			children = (
				9EA5CCF4230F7E0A00178010 /* Info.plist */,
			);
			path = macOS;
			sourceTree = "<group>";
		};
		9E82E59822037E9400AC8F7D /* Vulkan */ = {
			isa = PBXGroup;
			children = (
				9EEBF70F226E276400AC0B7F /* Setup */,
				9EEBF70B226DF80A00AC0B7F /* Assist */,
				9EF5A4E42315BE3B00524830 /* Adjunct */,
				9EBD618F232EBC14005ADF20 /* Objects */,
			);
			name = Vulkan;
			path = ../src/VulkanModule;
			sourceTree = "<group>";
		};
		9E8CE2AA24EC709100BD7B37 /* FileSystem */ = {
			isa = PBXGroup;
			children = (
				9E8CE2AB24EC8DB000BD7B37 /* FileSystemSDL.h */,
				9EFA5B4223024AA900B63757 /* FileSystem.cpp */,
				9EFA5B4323024AA900B63757 /* FileSystem.h */,
			);
			path = FileSystem;
			sourceTree = "<group>";
		};
		9EA5CCFD23144B7D00178010 /* 3DObjects */ = {
			isa = PBXGroup;
			children = (
				9EF5A4E623173DD300524830 /* MeshObject.h */,
				9E2DAE0C232CE1A5004ADDCB /* Quad2DTextured.cpp */,
				9E2DAE0A232CE035004ADDCB /* Quad2DTextureTinted.cpp */,
				9EF5A4E8231B228900524830 /* Quad2DColored.cpp */,
				9E2DAE02232A81CC004ADDCB /* Quad2D.cpp */,
				9EA5CCFE231450BE00178010 /* Triangle2DColored.cpp */,
			);
			path = 3DObjects;
			sourceTree = "<group>";
		};
		9EA6481522003A9000FD3DB0 = {
			isa = PBXGroup;
			children = (
				9EA6482322003B2900FD3DB0 /* HelloTriangle */,
				9E2A277B2215308500B4FDBC /* Platform */,
				9E82E59822037E9400AC8F7D /* Vulkan */,
				9EA648362200D4B100FD3DB0 /* Resources */,
				9EA6482A22003B9C00FD3DB0 /* Frameworks */,
				9EA6482222003B2900FD3DB0 /* Products */,
			);
			sourceTree = "<group>";
		};
		9EA6482222003B2900FD3DB0 /* Products */ = {
			isa = PBXGroup;
			children = (
				9EA6482122003B2900FD3DB0 /* HelloTriangle.app */,
				9E82E5D4220A345B00AC8F7D /* HelloTriangle.app */,
			);
			name = Products;
			sourceTree = "<group>";
		};
		9EA6482322003B2900FD3DB0 /* HelloTriangle */ = {
			isa = PBXGroup;
			children = (
				9ECA39832202560E00B2A7B3 /* Shaders */,
				9EA6483C2201635000FD3DB0 /* HelloTriangle.cpp */,
				9E2A27862217349900B4FDBC /* HelloTriangle.h */,
				9EA6481C22003AC200FD3DB0 /* main.cpp */,
				9EC485852225801D007C7242 /* AppConstants.h */,
				9E61A5DC24A81FE700AF6133 /* Settings */,
			);
			name = HelloTriangle;
			path = ../src;
			sourceTree = "<group>";
		};
		9EA6482A22003B9C00FD3DB0 /* Frameworks */ = {
			isa = PBXGroup;
			children = (
				9EEA190A2AF0742A00EB47F4 /* MoltenVK.xcframework */,
				9E1124E9220F991000DBA190 /* CoreServices.framework */,
				9E1124F3220F9D2E00DBA190 /* QuartzCore.framework */,
				9E1124F0220F9AD000DBA190 /* Cocoa.framework */,
				9E1124EB220F998F00DBA190 /* IOKit.framework */,
				9E2DAE17232E8BFA004ADDCB /* IOSurface.framework */,
				9E1124E7220F988100DBA190 /* Metal.framework */,
				9E07254423313B21005C38E4 /* iOS */,
				9E07254523313B2B005C38E4 /* macOS */,
			);
			name = Frameworks;
			sourceTree = "<group>";
		};
		9EA648362200D4B100FD3DB0 /* Resources */ = {
			isa = PBXGroup;
			children = (
				9E87F5C623214D150009062F /* textures */,
				9ECA3981220255BE00B2A7B3 /* compiledShaders */,
				9E6B2DE32332AFDE00F7575D /* iOS */,
				9E6B2DE42332B06400F7575D /* macOS */,
			);
			path = Resources;
			sourceTree = "<group>";
		};
		9EBD618F232EBC14005ADF20 /* Objects */ = {
			isa = PBXGroup;
			children = (
				9E82E5B92208B4BE00AC8F7D /* VulkanInstance.cpp */,
				9E82E5B82208B4BE00AC8F7D /* VulkanInstance.h */,
				9E82E5AA2203B51700AC8F7D /* GraphicsDevice.cpp */,
				9E82E5A52203B51600AC8F7D /* GraphicsDevice.h */,
				9E82E59E2203B51600AC8F7D /* WindowSurface.cpp */,
				9E82E5A22203B51600AC8F7D /* WindowSurface.h */,
				9E82E59C2203B51600AC8F7D /* Swapchain.cpp */,
				9E82E5A32203B51600AC8F7D /* Swapchain.h */,
				9E82E59F2203B51600AC8F7D /* RenderPass.cpp */,
				9E82E5A12203B51600AC8F7D /* RenderPass.h */,
				9E82E5AB2203B51700AC8F7D /* GraphicsPipeline.cpp */,
				9E82E5A02203B51600AC8F7D /* GraphicsPipeline.h */,
				9EFA5B3D2301265E00B63757 /* ShaderModules.cpp */,
				9EFA5B3E2301265E00B63757 /* ShaderModules.h */,
				9E82E5A72203B51600AC8F7D /* Framebuffers.cpp */,
				9E82E59D2203B51600AC8F7D /* Framebuffers.h */,
				9EDC51642AE026620098F52D /* DepthBuffer.cpp */,
				9EDC51632AE026620098F52D /* DepthBuffer.h */,
				9EDC51652AE026620098F52D /* ImageResource.cpp */,
				9EDC51622AE026620098F52D /* ImageResource.h */,
				9E82E5A92203B51600AC8F7D /* CommandObjects.cpp */,
				9E82E5A82203B51600AC8F7D /* CommandObjects.h */,
				9E82E5A42203B51600AC8F7D /* SyncObjects.cpp */,
				9E82E5A62203B51600AC8F7D /* SyncObjects.h */,
				9E4480632462DAE0009A8EA4 /* EventObjects.cpp */,
				9E4480642462DAE0009A8EA4 /* EventObjects.h */,
				9E3CA04222834D9A007494D6 /* DeviceQueues.cpp */,
				9E3CA04322834D9A007494D6 /* DeviceQueues.h */,
			);
			path = Objects;
			sourceTree = "<group>";
		};
		9EBD6192232EEA07005ADF20 /* OSAbstraction */ = {
			isa = PBXGroup;
			children = (
				9E2A277D2215331B00B4FDBC /* iPlatform.h */,
				9E2A277C2215331B00B4FDBC /* PlatformSDL.cpp */,
				9E2A277F2215331B00B4FDBC /* PlatformSDL.h */,
				9E2A27852215333200B4FDBC /* PlatformGLFW.cpp */,
				9E2A27842215333200B4FDBC /* PlatformGLFW.h */,
				9E04F4D522A5718500C7F042 /* PlatformXCB.h */,
			);
			path = OSAbstraction;
			sourceTree = "<group>";
		};
		9EBD6193232EEA37005ADF20 /* ImageHandling */ = {
			isa = PBXGroup;
			children = (
				9E87F5FB2323071F0009062F /* iImageSource.h */,
				9E87F5FD2323071F0009062F /* ImageSDL.h */,
				9E6C1B0F234BF96200A86F04 /* sdlEquivalents.h */,
				9E87F5FC2323071F0009062F /* ImageSTB.h */,
			);
			path = ImageHandling;
			sourceTree = "<group>";
		};
		9ECA39832202560E00B2A7B3 /* Shaders */ = {
			isa = PBXGroup;
			children = (
				9EA5CCF823134C6C00178010 /* FullScreenTriangle.vert */,
				9EA5CCF723134C6C00178010 /* basicPlaid.frag */,
				9ECA39862202560E00B2A7B3 /* 09_shader_base.vert */,
				9ECA39842202560E00B2A7B3 /* 09_shader_base.frag */,
				9EA5CCFA231367E800178010 /* 17_shader_vertexbuffer.vert */,
				9EA5CCF9231367E800178010 /* 17_shader_vertexbuffer.frag */,
				9E87F5BE232147CF0009062F /* 21_shader_ubo.vert */,
				9E87F5BF232147D00009062F /* 21_shader_ubo.frag */,
				9E87F5C0232147D00009062F /* 25_shader_textures.vert */,
				9E87F5C1232147D00009062F /* 25_shader_textures.frag */,
				9E2DAE11232D8428004ADDCB /* TexturedQuad.vert */,
				9E2DAE10232D8428004ADDCB /* TexturedQuad.frag */,
				9EA5CCF623134C6C00178010 /* tjVolcanic.frag */,
				9ECA39852202560E00B2A7B3 /* compile.sh */,
			);
			path = Shaders;
			sourceTree = "<group>";
		};
		9EEBF70B226DF80A00AC0B7F /* Assist */ = {
			isa = PBXGroup;
			children = (
				9EC48586222B0E86007C7242 /* VulkanPlatform.h */,
				9E82E59922037F2300AC8F7D /* ValidationLayers.cpp */,
				9E82E59A22037F2300AC8F7D /* ValidationLayers.h */,
				9EEBF70D226DFBF700AC0B7F /* DebugReport.cpp */,
				9EEBF70C226DFBF700AC0B7F /* DebugReport.h */,
				9EFA5B2D22EB466500B63757 /* DeviceAssessment.cpp */,
				9EFA5B2E22EB466500B63757 /* DeviceAssessment.h */,
				9EFA5B3522F8C4D000B63757 /* DeviceRanking.cpp */,
				9EFA5B3622F8C4D100B63757 /* DeviceRanking.h */,
				9EFA5B3A22F8CE3500B63757 /* DeviceProfile.h */,
				9EFA5B3122F1C7E200B63757 /* Utility.cpp */,
				9EFA5B3222F1C7E200B63757 /* Utility.h */,
				9EA5CCF3230F4EA600178010 /* Helpers.h */,
				9E7C112229D4960B00D6DDEB /* VulkanMath.h */,
				9EA648342200C65500FD3DB0 /* vkEnumStrings.cpp */,
			);
			path = Assist;
			sourceTree = "<group>";
		};
		9EEBF70F226E276400AC0B7F /* Setup */ = {
			isa = PBXGroup;
			children = (
				9EFA5B2A22DD0CF100B63757 /* VulkanConfigure.h */,
				9E82E5B42206453800AC8F7D /* VulkanSetup.cpp */,
				9E82E5B52206453800AC8F7D /* VulkanSetup.h */,
				9ED90BD42337F7ED0004BAFA /* RenderSettings.h */,
				9EFA5B412301D14E00B63757 /* Shader.h */,
				9E82E5B72208A0E600AC8F7D /* VulkanSingleton.h */,
			);
			path = Setup;
			sourceTree = "<group>";
		};
		9EEBF713228067FC00AC0B7F /* Apple */ = {
			isa = PBXGroup;
			children = (
				9EA5CCF2230F025000178010 /* PlatformConstants.h */,
				9E07254723316854005C38E4 /* PlatformSpecifics.h */,
				9E3808372303019200FDF839 /* LocalFileSystem.h */,
				9EEBF7122280645A00AC0B7F /* optional.h */,
			);
			name = Apple;
			sourceTree = "<group>";
		};
		9EF5A4E42315BE3B00524830 /* Adjunct */ = {
			isa = PBXGroup;
			children = (
				9E4480582462D99D009A8EA4 /* Renderables */,
				9EA5CCFD23144B7D00178010 /* 3DObjects */,
				9EF5A4EE231EB31400524830 /* VertexTypes */,
				9E389209232973490024D111 /* Descriptors.cpp */,
				9E38920A232973490024D111 /* Descriptors.h */,
				9E87F5CA23217A210009062F /* TextureImage.cpp */,
				9E87F5C923217A210009062F /* TextureImage.h */,
				9E6C1B0E234BF74900A86F04 /* Mipmaps.h */,
				9EF5A4F0231ED00300524830 /* UniformBuffer.cpp */,
				9EF5A4EF231ED00300524830 /* UniformBuffer.h */,
				9EF5A4F4231F083D00524830 /* UniformBufferLiterals.h */,
				9EF5A4E02314D26400524830 /* PrimitiveBuffer.cpp */,
				9EF5A4E12314D26400524830 /* PrimitiveBuffer.h */,
				9E87F5CD232183880009062F /* CommandBufferBase.h */,
				9EF5A4F3231EF79000524830 /* BufferBase.h */,
			);
			path = Adjunct;
			sourceTree = "<group>";
		};
		9EF5A4EE231EB31400524830 /* VertexTypes */ = {
			isa = PBXGroup;
			children = (
				9EEA19182B04826700EB47F4 /* Vertex2DTypes.h */,
				9EEA19192B04826700EB47F4 /* VertexAttribute.h */,
				9EEA191A2B04826700EB47F4 /* VertexDescription.h */,
				9E2DAE08232CDD3F004ADDCB /* Vertex2DTextureTinted.h */,
				9EA5CCFF231450BE00178010 /* Vertex2DColored.h */,
				9E2DAE05232A86E2004ADDCB /* Vertex2D.h */,
				9EF5A4E52315C01100524830 /* VertexAbstract.h */,
				9EF5A4E7231998D800524830 /* VertexNull.h */,
				9EF5A4EB231B27BA00524830 /* VertexTypes.cpp */,
			);
			path = VertexTypes;
			sourceTree = "<group>";
		};
/* End PBXGroup section */

/* Begin PBXNativeTarget section */
		9E82E5BB220A345B00AC8F7D /* HelloTriangle-macOS */ = {
			isa = PBXNativeTarget;
			buildConfigurationList = 9E82E5D1220A345B00AC8F7D /* Build configuration list for PBXNativeTarget "HelloTriangle-macOS" */;
			buildPhases = (
				9E82E5BC220A345B00AC8F7D /* Sources */,
				9EA5CCF52313438D00178010 /* Compile Shaders */,
				9E82E5CE220A345B00AC8F7D /* Resources */,
				9E1124F6220F9F7600DBA190 /* Copy Frameworks */,
				9E82E5CB220A345B00AC8F7D /* Frameworks */,
			);
			buildRules = (
			);
			dependencies = (
			);
			name = "HelloTriangle-macOS";
			productName = VulkanSDLDemo;
			productReference = 9E82E5D4220A345B00AC8F7D /* HelloTriangle.app */;
			productType = "com.apple.product-type.application";
		};
		9EA6482022003B2900FD3DB0 /* HelloTriangle-iOS */ = {
			isa = PBXNativeTarget;
			buildConfigurationList = 9EA6482622003B2900FD3DB0 /* Build configuration list for PBXNativeTarget "HelloTriangle-iOS" */;
			buildPhases = (
				9EA6481D22003B2900FD3DB0 /* Sources */,
				9E240CEB23342989003D0269 /* Compile Shaders */,
				9EA648412201866B00FD3DB0 /* Resources */,
				9EA6481E22003B2900FD3DB0 /* Frameworks */,
			);
			buildRules = (
			);
			dependencies = (
			);
			name = "HelloTriangle-iOS";
			productName = VulkanSDLDemo;
			productReference = 9EA6482122003B2900FD3DB0 /* HelloTriangle.app */;
			productType = "com.apple.product-type.application";
		};
/* End PBXNativeTarget section */

/* Begin PBXProject section */
		9EA6481622003A9000FD3DB0 /* Project object */ = {
			isa = PBXProject;
			attributes = {
				LastUpgradeCheck = 1400;
				TargetAttributes = {
					9EA6482022003B2900FD3DB0 = {
						CreatedOnToolsVersion = 10.0;
					};
				};
			};
			buildConfigurationList = 9EA6481922003A9000FD3DB0 /* Build configuration list for PBXProject "HelloVulkanSDL" */;
			compatibilityVersion = "Xcode 10.0";
			developmentRegion = en;
			hasScannedForEncodings = 0;
			knownRegions = (
				en,
				Base,
			);
			mainGroup = 9EA6481522003A9000FD3DB0;
			productRefGroup = 9EA6482222003B2900FD3DB0 /* Products */;
			projectDirPath = "";
			projectRoot = "";
			targets = (
				9EA6482022003B2900FD3DB0 /* HelloTriangle-iOS */,
				9E82E5BB220A345B00AC8F7D /* HelloTriangle-macOS */,
			);
		};
/* End PBXProject section */

/* Begin PBXResourcesBuildPhase section */
		9E82E5CE220A345B00AC8F7D /* Resources */ = {
			isa = PBXResourcesBuildPhase;
			buildActionMask = 2147483647;
			files = (
				9E82E5D0220A345B00AC8F7D /* compiledShaders in Resources */,
				9E87F5C823214D150009062F /* textures in Resources */,
			);
			runOnlyForDeploymentPostprocessing = 0;
		};
		9EA648412201866B00FD3DB0 /* Resources */ = {
			isa = PBXResourcesBuildPhase;
			buildActionMask = 2147483647;
			files = (
				9E6B2DE22332AF5300F7575D /* Images.xcassets in Resources */,
				9E240CED2334ED46003D0269 /* LaunchScreen.storyboard in Resources */,
				9E87F5C723214D150009062F /* textures in Resources */,
				9ECA3982220255BE00B2A7B3 /* compiledShaders in Resources */,
			);
			runOnlyForDeploymentPostprocessing = 0;
		};
/* End PBXResourcesBuildPhase section */

/* Begin PBXShellScriptBuildPhase section */
		9E240CEB23342989003D0269 /* Compile Shaders */ = {
			isa = PBXShellScriptBuildPhase;
			buildActionMask = 2147483647;
			files = (
			);
			inputFileListPaths = (
			);
			inputPaths = (
			);
			name = "Compile Shaders";
			outputFileListPaths = (
			);
			outputPaths = (
			);
			runOnlyForDeploymentPostprocessing = 0;
			shellPath = /bin/sh;
			shellScript = "cd ../src/shaders\n./compile.sh\n";
		};
		9EA5CCF52313438D00178010 /* Compile Shaders */ = {
			isa = PBXShellScriptBuildPhase;
			buildActionMask = 2147483647;
			files = (
			);
			inputFileListPaths = (
			);
			inputPaths = (
			);
			name = "Compile Shaders";
			outputFileListPaths = (
			);
			outputPaths = (
			);
			runOnlyForDeploymentPostprocessing = 0;
			shellPath = /bin/sh;
			shellScript = "cd ../src/shaders\n./compile.sh\n";
		};
/* End PBXShellScriptBuildPhase section */

/* Begin PBXSourcesBuildPhase section */
		9E82E5BC220A345B00AC8F7D /* Sources */ = {
			isa = PBXSourcesBuildPhase;
			buildActionMask = 2147483647;
			files = (
				9EF5A4EA231B236B00524830 /* Quad2DColored.cpp in Sources */,
				9E4480622462DA22009A8EA4 /* imgui_impl_sdl.cpp in Sources */,
				9E82E5BD220A345B00AC8F7D /* VulkanInstance.cpp in Sources */,
				9EFA5B4523024AA900B63757 /* FileSystem.cpp in Sources */,
				9E82E5BE220A345B00AC8F7D /* CommandObjects.cpp in Sources */,
				9E4480662462DB12009A8EA4 /* EventObjects.cpp in Sources */,
				9EFA5B3822F8C4D100B63757 /* DeviceRanking.cpp in Sources */,
				9EDC51672AE026620098F52D /* DepthBuffer.cpp in Sources */,
				9E82E5BF220A345B00AC8F7D /* Swapchain.cpp in Sources */,
				9E82E5C0220A345B00AC8F7D /* ValidationLayers.cpp in Sources */,
				9EFA5B3022EB466500B63757 /* DeviceAssessment.cpp in Sources */,
				9E44805F2462DA13009A8EA4 /* AddOns.cpp in Sources */,
				9EFA5B402301265E00B63757 /* ShaderModules.cpp in Sources */,
				9EDC51692AE026620098F52D /* ImageResource.cpp in Sources */,
				9E82E5C1220A345B00AC8F7D /* HelloTriangle.cpp in Sources */,
				9E2DAE04232A81CC004ADDCB /* Quad2D.cpp in Sources */,
				9E82E5C2220A345B00AC8F7D /* GraphicsPipeline.cpp in Sources */,
				9E2A27812215331B00B4FDBC /* PlatformSDL.cpp in Sources */,
				9E82E5C3220A345B00AC8F7D /* RenderPass.cpp in Sources */,
				9E128D9C247C365B00032E8E /* Logging.cpp in Sources */,
				9E82E5C4220A345B00AC8F7D /* main.cpp in Sources */,
				9EEBF710226EBD2000AC0B7F /* DebugReport.cpp in Sources */,
				9E82E5C5220A345B00AC8F7D /* GraphicsDevice.cpp in Sources */,
				9E82E5C6220A345B00AC8F7D /* vkEnumStrings.cpp in Sources */,
				9EC4858C222DE445007C7242 /* PlatformCommon.cpp in Sources */,
				9E82E5C7220A345B00AC8F7D /* WindowSurface.cpp in Sources */,
				9E87F5CC23217A210009062F /* TextureImage.cpp in Sources */,
				9E38920C23297DCE0024D111 /* Descriptors.cpp in Sources */,
				9E82E5C8220A345B00AC8F7D /* SyncObjects.cpp in Sources */,
				9E61A5E224A8298800AF6133 /* AppSettings.cpp in Sources */,
				9EF5A4E32314D26400524830 /* PrimitiveBuffer.cpp in Sources */,
				9E3CA0452287E62C007494D6 /* DeviceQueues.cpp in Sources */,
				9EF5A4F2231ED06000524830 /* UniformBuffer.cpp in Sources */,
				9EFA5B3422F1C7E200B63757 /* Utility.cpp in Sources */,
				9E4480612462DA13009A8EA4 /* FixedRenderable.cpp in Sources */,
				9E82E5C9220A345B00AC8F7D /* VulkanSetup.cpp in Sources */,
				9EA5CD01231450BE00178010 /* Triangle2DColored.cpp in Sources */,
				9EF5A4ED231B27BA00524830 /* VertexTypes.cpp in Sources */,
				9E2DAE0F232CE24E004ADDCB /* Quad2DTextureTinted.cpp in Sources */,
				9E2DAE0E232CE24A004ADDCB /* Quad2DTextured.cpp in Sources */,
				9E82E5CA220A345B00AC8F7D /* Framebuffers.cpp in Sources */,
			);
			runOnlyForDeploymentPostprocessing = 0;
		};
		9EA6481D22003B2900FD3DB0 /* Sources */ = {
			isa = PBXSourcesBuildPhase;
			buildActionMask = 2147483647;
			files = (
				9EF5A4E9231B228900524830 /* Quad2DColored.cpp in Sources */,
				9E82E5BA2208B4BE00AC8F7D /* VulkanInstance.cpp in Sources */,
				9EFA5B4423024AA900B63757 /* FileSystem.cpp in Sources */,
				9E44805E2462DA13009A8EA4 /* AddOns.cpp in Sources */,
				9E4480652462DAE1009A8EA4 /* EventObjects.cpp in Sources */,
				9EFA5B3722F8C4D100B63757 /* DeviceRanking.cpp in Sources */,
				9E82E5B12203B51700AC8F7D /* CommandObjects.cpp in Sources */,
				9EDC51662AE026620098F52D /* DepthBuffer.cpp in Sources */,
				9E2DAE0B232CE035004ADDCB /* Quad2DTextureTinted.cpp in Sources */,
				9E4480572462D8ED009A8EA4 /* imgui_impl_sdl.cpp in Sources */,
				9E61A5E124A8284300AF6133 /* AppSettings.cpp in Sources */,
				9E82E5AC2203B51700AC8F7D /* Swapchain.cpp in Sources */,
				9EFA5B2F22EB466500B63757 /* DeviceAssessment.cpp in Sources */,
				9EDC51682AE026620098F52D /* ImageResource.cpp in Sources */,
				9EFA5B3F2301265E00B63757 /* ShaderModules.cpp in Sources */,
				9E82E59B22037F2300AC8F7D /* ValidationLayers.cpp in Sources */,
				9E2DAE03232A81CC004ADDCB /* Quad2D.cpp in Sources */,
				9E3CA04422834D9A007494D6 /* DeviceQueues.cpp in Sources */,
				9EA6484022017D4600FD3DB0 /* HelloTriangle.cpp in Sources */,
				9E128D9A247C350E00032E8E /* Logging.cpp in Sources */,
				9E82E5B32203B51700AC8F7D /* GraphicsPipeline.cpp in Sources */,
				9E2A27802215331B00B4FDBC /* PlatformSDL.cpp in Sources */,
				9E82E5AE2203B51700AC8F7D /* RenderPass.cpp in Sources */,
				9EA6482922003B7500FD3DB0 /* main.cpp in Sources */,
				9EEBF70E226DFBF700AC0B7F /* DebugReport.cpp in Sources */,
				9E4480602462DA13009A8EA4 /* FixedRenderable.cpp in Sources */,
				9E82E5B22203B51700AC8F7D /* GraphicsDevice.cpp in Sources */,
				9EA648352200C7E400FD3DB0 /* vkEnumStrings.cpp in Sources */,
				9E87F5CB23217A210009062F /* TextureImage.cpp in Sources */,
				9E38920B232973490024D111 /* Descriptors.cpp in Sources */,
				9EC4858B222DE445007C7242 /* PlatformCommon.cpp in Sources */,
				9E2DAE0D232CE1A5004ADDCB /* Quad2DTextured.cpp in Sources */,
				9EF5A4E22314D26400524830 /* PrimitiveBuffer.cpp in Sources */,
				9E82E5AD2203B51700AC8F7D /* WindowSurface.cpp in Sources */,
				9EF5A4F1231ED00300524830 /* UniformBuffer.cpp in Sources */,
				9EFA5B3322F1C7E200B63757 /* Utility.cpp in Sources */,
				9E82E5AF2203B51700AC8F7D /* SyncObjects.cpp in Sources */,
				9EA5CD00231450BE00178010 /* Triangle2DColored.cpp in Sources */,
				9EF5A4EC231B27BA00524830 /* VertexTypes.cpp in Sources */,
				9E82E5B62206453800AC8F7D /* VulkanSetup.cpp in Sources */,
				9E82E5B02203B51700AC8F7D /* Framebuffers.cpp in Sources */,
			);
			runOnlyForDeploymentPostprocessing = 0;
		};
/* End PBXSourcesBuildPhase section */

/* Begin XCBuildConfiguration section */
		9E82E5D2220A345B00AC8F7D /* Debug */ = {
			isa = XCBuildConfiguration;
			buildSettings = {
				ALWAYS_SEARCH_USER_PATHS = NO;
				CLANG_ANALYZER_NONNULL = YES;
				CLANG_ANALYZER_NUMBER_OBJECT_CONVERSION = YES_AGGRESSIVE;
				CLANG_CXX_LANGUAGE_STANDARD = "c++14";
				CLANG_CXX_LIBRARY = "compiler-default";
				CLANG_ENABLE_MODULES = YES;
				CLANG_ENABLE_OBJC_ARC = YES;
				CLANG_ENABLE_OBJC_WEAK = NO;
				CLANG_WARN_BLOCK_CAPTURE_AUTORELEASING = YES;
				CLANG_WARN_BOOL_CONVERSION = YES;
				CLANG_WARN_COMMA = YES;
				CLANG_WARN_CONSTANT_CONVERSION = YES;
				CLANG_WARN_DEPRECATED_OBJC_IMPLEMENTATIONS = YES;
				CLANG_WARN_DIRECT_OBJC_ISA_USAGE = YES_ERROR;
				CLANG_WARN_DOCUMENTATION_COMMENTS = YES;
				CLANG_WARN_EMPTY_BODY = YES;
				CLANG_WARN_ENUM_CONVERSION = YES;
				CLANG_WARN_INFINITE_RECURSION = YES;
				CLANG_WARN_INT_CONVERSION = YES;
				CLANG_WARN_NON_LITERAL_NULL_CONVERSION = YES;
				CLANG_WARN_OBJC_IMPLICIT_RETAIN_SELF = YES;
				CLANG_WARN_OBJC_LITERAL_CONVERSION = YES;
				CLANG_WARN_OBJC_ROOT_CLASS = YES_ERROR;
				CLANG_WARN_RANGE_LOOP_ANALYSIS = YES;
				CLANG_WARN_STRICT_PROTOTYPES = YES;
				CLANG_WARN_SUSPICIOUS_MOVE = YES;
				CLANG_WARN_UNGUARDED_AVAILABILITY = YES_AGGRESSIVE;
				CLANG_WARN_UNREACHABLE_CODE = YES;
				CLANG_WARN__DUPLICATE_METHOD_MATCH = YES;
				CODE_SIGN_IDENTITY = "-";
				CODE_SIGN_STYLE = Manual;
				COPY_PHASE_STRIP = NO;
				DEAD_CODE_STRIPPING = YES;
				DEBUG_INFORMATION_FORMAT = dwarf;
				DEVELOPMENT_TEAM = "";
				ENABLE_STRICT_OBJC_MSGSEND = YES;
				ENABLE_TESTABILITY = YES;
				FRAMEWORK_SEARCH_PATHS = (
					"../External/SDL/Xcode/SDL/build/Products/$(CONFIGURATION)",
					"../External/SDL_image/Xcode/build/Products/$(CONFIGURATION)",
				);
				GCC_C_LANGUAGE_STANDARD = "compiler-default";
				GCC_DYNAMIC_NO_PIC = NO;
				GCC_NO_COMMON_BLOCKS = YES;
				GCC_OPTIMIZATION_LEVEL = 0;
				GCC_PREPROCESSOR_DEFINITIONS = (
					"DEBUG=1",
					"$(inherited)",
				);
				GCC_WARN_64_TO_32_BIT_CONVERSION = YES;
				GCC_WARN_ABOUT_RETURN_TYPE = YES_ERROR;
				GCC_WARN_UNDECLARED_SELECTOR = YES;
				GCC_WARN_UNINITIALIZED_AUTOS = YES_AGGRESSIVE;
				GCC_WARN_UNUSED_FUNCTION = YES;
				GCC_WARN_UNUSED_VARIABLE = YES;
				HEADER_SEARCH_PATHS = (
					"$(inherited)",
					../External/SDL/include,
					../External/SDL_image,
				);
				INFOPLIST_FILE = Resources/macOS/Info.plist;
				LD_RUNPATH_SEARCH_PATHS = (
					"$(inherited)",
					"@executable_path/../Frameworks",
				);
				MACOSX_DEPLOYMENT_TARGET = 10.13;
				MTL_ENABLE_DEBUG_INFO = INCLUDE_SOURCE;
				MTL_FAST_MATH = YES;
				ONLY_ACTIVE_ARCH = YES;
				PRODUCT_BUNDLE_IDENTIFIER = com.megaphonestudios.HelloVulkanSDL;
				PRODUCT_NAME = HelloTriangle;
				PROVISIONING_PROFILE_SPECIFIER = "";
				SDKROOT = macosx;
				TARGETED_DEVICE_FAMILY = "1,2";
			};
			name = Debug;
		};
		9E82E5D3220A345B00AC8F7D /* Release */ = {
			isa = XCBuildConfiguration;
			buildSettings = {
				ALWAYS_SEARCH_USER_PATHS = NO;
				CLANG_ANALYZER_NONNULL = YES;
				CLANG_ANALYZER_NUMBER_OBJECT_CONVERSION = YES_AGGRESSIVE;
				CLANG_CXX_LANGUAGE_STANDARD = "c++14";
				CLANG_CXX_LIBRARY = "compiler-default";
				CLANG_ENABLE_MODULES = YES;
				CLANG_ENABLE_OBJC_ARC = YES;
				CLANG_ENABLE_OBJC_WEAK = NO;
				CLANG_WARN_BLOCK_CAPTURE_AUTORELEASING = YES;
				CLANG_WARN_BOOL_CONVERSION = YES;
				CLANG_WARN_COMMA = YES;
				CLANG_WARN_CONSTANT_CONVERSION = YES;
				CLANG_WARN_DEPRECATED_OBJC_IMPLEMENTATIONS = YES;
				CLANG_WARN_DIRECT_OBJC_ISA_USAGE = YES_ERROR;
				CLANG_WARN_DOCUMENTATION_COMMENTS = YES;
				CLANG_WARN_EMPTY_BODY = YES;
				CLANG_WARN_ENUM_CONVERSION = YES;
				CLANG_WARN_INFINITE_RECURSION = YES;
				CLANG_WARN_INT_CONVERSION = YES;
				CLANG_WARN_NON_LITERAL_NULL_CONVERSION = YES;
				CLANG_WARN_OBJC_IMPLICIT_RETAIN_SELF = YES;
				CLANG_WARN_OBJC_LITERAL_CONVERSION = YES;
				CLANG_WARN_OBJC_ROOT_CLASS = YES_ERROR;
				CLANG_WARN_RANGE_LOOP_ANALYSIS = YES;
				CLANG_WARN_STRICT_PROTOTYPES = YES;
				CLANG_WARN_SUSPICIOUS_MOVE = YES;
				CLANG_WARN_UNGUARDED_AVAILABILITY = YES_AGGRESSIVE;
				CLANG_WARN_UNREACHABLE_CODE = YES;
				CLANG_WARN__DUPLICATE_METHOD_MATCH = YES;
				CODE_SIGN_IDENTITY = "-";
				CODE_SIGN_STYLE = Manual;
				COPY_PHASE_STRIP = NO;
				DEAD_CODE_STRIPPING = YES;
				DEBUG_INFORMATION_FORMAT = "dwarf-with-dsym";
				DEVELOPMENT_TEAM = "";
				ENABLE_NS_ASSERTIONS = NO;
				ENABLE_STRICT_OBJC_MSGSEND = YES;
				FRAMEWORK_SEARCH_PATHS = (
					"../External/SDL/Xcode/SDL/build/Products/$(CONFIGURATION)",
					"../External/SDL_image/Xcode/build/Products/$(CONFIGURATION)",
				);
				GCC_C_LANGUAGE_STANDARD = "compiler-default";
				GCC_NO_COMMON_BLOCKS = YES;
				GCC_WARN_64_TO_32_BIT_CONVERSION = YES;
				GCC_WARN_ABOUT_RETURN_TYPE = YES_ERROR;
				GCC_WARN_UNDECLARED_SELECTOR = YES;
				GCC_WARN_UNINITIALIZED_AUTOS = YES_AGGRESSIVE;
				GCC_WARN_UNUSED_FUNCTION = YES;
				GCC_WARN_UNUSED_VARIABLE = YES;
				HEADER_SEARCH_PATHS = (
					"$(inherited)",
					../External/SDL/include,
					../External/SDL_image,
				);
				INFOPLIST_FILE = Resources/macOS/Info.plist;
				LD_RUNPATH_SEARCH_PATHS = (
					"$(inherited)",
					"@executable_path/../Frameworks",
				);
				MACOSX_DEPLOYMENT_TARGET = 10.13;
				MTL_ENABLE_DEBUG_INFO = NO;
				MTL_FAST_MATH = YES;
				PRODUCT_BUNDLE_IDENTIFIER = com.megaphonestudios.HelloVulkanSDL;
				PRODUCT_NAME = HelloTriangle;
				PROVISIONING_PROFILE_SPECIFIER = "";
				SDKROOT = macosx;
				TARGETED_DEVICE_FAMILY = "1,2";
			};
			name = Release;
		};
		9EA6481A22003A9000FD3DB0 /* Debug */ = {
			isa = XCBuildConfiguration;
			buildSettings = {
				ALWAYS_SEARCH_USER_PATHS = NO;
				CLANG_CXX_LANGUAGE_STANDARD = "c++14";
				CLANG_WARN_BLOCK_CAPTURE_AUTORELEASING = YES;
				CLANG_WARN_BOOL_CONVERSION = YES;
				CLANG_WARN_COMMA = YES;
				CLANG_WARN_CONSTANT_CONVERSION = YES;
				CLANG_WARN_DEPRECATED_OBJC_IMPLEMENTATIONS = YES;
				CLANG_WARN_EMPTY_BODY = YES;
				CLANG_WARN_ENUM_CONVERSION = YES;
				CLANG_WARN_INFINITE_RECURSION = YES;
				CLANG_WARN_INT_CONVERSION = YES;
				CLANG_WARN_NON_LITERAL_NULL_CONVERSION = YES;
				CLANG_WARN_OBJC_IMPLICIT_RETAIN_SELF = YES;
				CLANG_WARN_OBJC_LITERAL_CONVERSION = YES;
				CLANG_WARN_QUOTED_INCLUDE_IN_FRAMEWORK_HEADER = YES;
				CLANG_WARN_RANGE_LOOP_ANALYSIS = YES;
				CLANG_WARN_STRICT_PROTOTYPES = YES;
				CLANG_WARN_SUSPICIOUS_MOVE = YES;
				CLANG_WARN_UNREACHABLE_CODE = YES;
				CLANG_WARN__DUPLICATE_METHOD_MATCH = YES;
				DEAD_CODE_STRIPPING = YES;
				ENABLE_STRICT_OBJC_MSGSEND = YES;
				ENABLE_TESTABILITY = YES;
				GCC_NO_COMMON_BLOCKS = YES;
				GCC_WARN_64_TO_32_BIT_CONVERSION = YES;
				GCC_WARN_ABOUT_RETURN_TYPE = YES;
				GCC_WARN_UNDECLARED_SELECTOR = YES;
				GCC_WARN_UNINITIALIZED_AUTOS = YES;
				GCC_WARN_UNUSED_FUNCTION = YES;
				GCC_WARN_UNUSED_VARIABLE = YES;
				HEADER_SEARCH_PATHS = (
					../src/VulkanModule/Setup,
					../External/VulkanSDK/MoltenVK/include,
					../External/VulkanSDK/MoltenVK/include/vulkan,
					../External/glm,
				);
				ONLY_ACTIVE_ARCH = YES;
				PRODUCT_BUNDLE_IDENTIFIER = "com.moltenvk.${PRODUCT_NAME:identifier}";
			};
			name = Debug;
		};
		9EA6481B22003A9000FD3DB0 /* Release */ = {
			isa = XCBuildConfiguration;
			buildSettings = {
				ALWAYS_SEARCH_USER_PATHS = NO;
				CLANG_CXX_LANGUAGE_STANDARD = "c++14";
				CLANG_WARN_BLOCK_CAPTURE_AUTORELEASING = YES;
				CLANG_WARN_BOOL_CONVERSION = YES;
				CLANG_WARN_COMMA = YES;
				CLANG_WARN_CONSTANT_CONVERSION = YES;
				CLANG_WARN_DEPRECATED_OBJC_IMPLEMENTATIONS = YES;
				CLANG_WARN_EMPTY_BODY = YES;
				CLANG_WARN_ENUM_CONVERSION = YES;
				CLANG_WARN_INFINITE_RECURSION = YES;
				CLANG_WARN_INT_CONVERSION = YES;
				CLANG_WARN_NON_LITERAL_NULL_CONVERSION = YES;
				CLANG_WARN_OBJC_IMPLICIT_RETAIN_SELF = YES;
				CLANG_WARN_OBJC_LITERAL_CONVERSION = YES;
				CLANG_WARN_QUOTED_INCLUDE_IN_FRAMEWORK_HEADER = YES;
				CLANG_WARN_RANGE_LOOP_ANALYSIS = YES;
				CLANG_WARN_STRICT_PROTOTYPES = YES;
				CLANG_WARN_SUSPICIOUS_MOVE = YES;
				CLANG_WARN_UNREACHABLE_CODE = YES;
				CLANG_WARN__DUPLICATE_METHOD_MATCH = YES;
				DEAD_CODE_STRIPPING = YES;
				ENABLE_STRICT_OBJC_MSGSEND = YES;
				GCC_NO_COMMON_BLOCKS = YES;
				GCC_WARN_64_TO_32_BIT_CONVERSION = YES;
				GCC_WARN_ABOUT_RETURN_TYPE = YES;
				GCC_WARN_UNDECLARED_SELECTOR = YES;
				GCC_WARN_UNINITIALIZED_AUTOS = YES;
				GCC_WARN_UNUSED_FUNCTION = YES;
				GCC_WARN_UNUSED_VARIABLE = YES;
				HEADER_SEARCH_PATHS = (
					../src/VulkanModule/Setup,
					../External/VulkanSDK/MoltenVK/include,
					../External/VulkanSDK/MoltenVK/include/vulkan,
					../External/glm,
				);
				PRODUCT_BUNDLE_IDENTIFIER = "com.moltenvk.${PRODUCT_NAME:identifier}";
			};
			name = Release;
		};
		9EA6482722003B2900FD3DB0 /* Debug */ = {
			isa = XCBuildConfiguration;
			buildSettings = {
				ALWAYS_SEARCH_USER_PATHS = NO;
				ASSETCATALOG_COMPILER_APPICON_NAME = AppIcon;
				CLANG_ANALYZER_NONNULL = YES;
				CLANG_ANALYZER_NUMBER_OBJECT_CONVERSION = YES_AGGRESSIVE;
				CLANG_CXX_LANGUAGE_STANDARD = "c++14";
				CLANG_CXX_LIBRARY = "compiler-default";
				CLANG_ENABLE_MODULES = YES;
				CLANG_ENABLE_OBJC_ARC = YES;
				CLANG_ENABLE_OBJC_WEAK = YES;
				CLANG_WARN_BLOCK_CAPTURE_AUTORELEASING = YES;
				CLANG_WARN_BOOL_CONVERSION = YES;
				CLANG_WARN_COMMA = YES;
				CLANG_WARN_CONSTANT_CONVERSION = YES;
				CLANG_WARN_DEPRECATED_OBJC_IMPLEMENTATIONS = YES;
				CLANG_WARN_DIRECT_OBJC_ISA_USAGE = YES_ERROR;
				CLANG_WARN_DOCUMENTATION_COMMENTS = YES;
				CLANG_WARN_EMPTY_BODY = YES;
				CLANG_WARN_ENUM_CONVERSION = YES;
				CLANG_WARN_INFINITE_RECURSION = YES;
				CLANG_WARN_INT_CONVERSION = YES;
				CLANG_WARN_NON_LITERAL_NULL_CONVERSION = YES;
				CLANG_WARN_OBJC_IMPLICIT_RETAIN_SELF = YES;
				CLANG_WARN_OBJC_LITERAL_CONVERSION = YES;
				CLANG_WARN_OBJC_ROOT_CLASS = YES_ERROR;
				CLANG_WARN_QUOTED_INCLUDE_IN_FRAMEWORK_HEADER = NO;
				CLANG_WARN_RANGE_LOOP_ANALYSIS = YES;
				CLANG_WARN_STRICT_PROTOTYPES = YES;
				CLANG_WARN_SUSPICIOUS_MOVE = YES;
				CLANG_WARN_UNGUARDED_AVAILABILITY = YES_AGGRESSIVE;
				CLANG_WARN_UNREACHABLE_CODE = YES;
				CLANG_WARN__DUPLICATE_METHOD_MATCH = YES;
				CODE_SIGN_IDENTITY = "iPhone Developer";
				CODE_SIGN_STYLE = Automatic;
				COPY_PHASE_STRIP = NO;
				DEBUG_INFORMATION_FORMAT = dwarf;
				DEVELOPMENT_TEAM = VZKR5Q6878;
				ENABLE_STRICT_OBJC_MSGSEND = YES;
				ENABLE_TESTABILITY = YES;
				FRAMEWORK_SEARCH_PATHS = iOSFrameworks;
				GCC_C_LANGUAGE_STANDARD = "compiler-default";
				GCC_DYNAMIC_NO_PIC = NO;
				GCC_NO_COMMON_BLOCKS = YES;
				GCC_OPTIMIZATION_LEVEL = 0;
				GCC_PREPROCESSOR_DEFINITIONS = (
					"DEBUG=1",
					"$(inherited)",
				);
				GCC_WARN_64_TO_32_BIT_CONVERSION = YES;
				GCC_WARN_ABOUT_RETURN_TYPE = YES_ERROR;
				GCC_WARN_UNDECLARED_SELECTOR = YES;
				GCC_WARN_UNINITIALIZED_AUTOS = YES_AGGRESSIVE;
				GCC_WARN_UNUSED_FUNCTION = YES;
				GCC_WARN_UNUSED_VARIABLE = YES;
				HEADER_SEARCH_PATHS = (
					"$(inherited)",
					iOSFrameworks/SDL_iOS.framework/Headers,
					iOSFrameworks/SDL_image_iOS.framework/Headers,
				);
				INFOPLIST_FILE = Resources/iOS/Info.plist;
				IPHONEOS_DEPLOYMENT_TARGET = 12.0;
				MACOSX_DEPLOYMENT_TARGET = 10.13;
				MTL_ENABLE_DEBUG_INFO = INCLUDE_SOURCE;
				MTL_FAST_MATH = YES;
				ONLY_ACTIVE_ARCH = NO;
				PRODUCT_BUNDLE_IDENTIFIER = com.megaphonestudios.HelloVulkanSDL;
				PRODUCT_NAME = HelloTriangle;
				PROVISIONING_PROFILE_SPECIFIER = "";
				SDKROOT = iphoneos;
				TARGETED_DEVICE_FAMILY = "1,2";
			};
			name = Debug;
		};
		9EA6482822003B2900FD3DB0 /* Release */ = {
			isa = XCBuildConfiguration;
			buildSettings = {
				ALWAYS_SEARCH_USER_PATHS = NO;
				ASSETCATALOG_COMPILER_APPICON_NAME = AppIcon;
				CLANG_ANALYZER_NONNULL = YES;
				CLANG_ANALYZER_NUMBER_OBJECT_CONVERSION = YES_AGGRESSIVE;
				CLANG_CXX_LANGUAGE_STANDARD = "c++14";
				CLANG_CXX_LIBRARY = "compiler-default";
				CLANG_ENABLE_MODULES = YES;
				CLANG_ENABLE_OBJC_ARC = YES;
				CLANG_ENABLE_OBJC_WEAK = YES;
				CLANG_WARN_BLOCK_CAPTURE_AUTORELEASING = YES;
				CLANG_WARN_BOOL_CONVERSION = YES;
				CLANG_WARN_COMMA = YES;
				CLANG_WARN_CONSTANT_CONVERSION = YES;
				CLANG_WARN_DEPRECATED_OBJC_IMPLEMENTATIONS = YES;
				CLANG_WARN_DIRECT_OBJC_ISA_USAGE = YES_ERROR;
				CLANG_WARN_DOCUMENTATION_COMMENTS = YES;
				CLANG_WARN_EMPTY_BODY = YES;
				CLANG_WARN_ENUM_CONVERSION = YES;
				CLANG_WARN_INFINITE_RECURSION = YES;
				CLANG_WARN_INT_CONVERSION = YES;
				CLANG_WARN_NON_LITERAL_NULL_CONVERSION = YES;
				CLANG_WARN_OBJC_IMPLICIT_RETAIN_SELF = YES;
				CLANG_WARN_OBJC_LITERAL_CONVERSION = YES;
				CLANG_WARN_OBJC_ROOT_CLASS = YES_ERROR;
				CLANG_WARN_QUOTED_INCLUDE_IN_FRAMEWORK_HEADER = NO;
				CLANG_WARN_RANGE_LOOP_ANALYSIS = YES;
				CLANG_WARN_STRICT_PROTOTYPES = YES;
				CLANG_WARN_SUSPICIOUS_MOVE = YES;
				CLANG_WARN_UNGUARDED_AVAILABILITY = YES_AGGRESSIVE;
				CLANG_WARN_UNREACHABLE_CODE = YES;
				CLANG_WARN__DUPLICATE_METHOD_MATCH = YES;
				CODE_SIGN_IDENTITY = "iPhone Developer";
				CODE_SIGN_STYLE = Automatic;
				COPY_PHASE_STRIP = NO;
				DEBUG_INFORMATION_FORMAT = "dwarf-with-dsym";
				DEVELOPMENT_TEAM = VZKR5Q6878;
				ENABLE_NS_ASSERTIONS = NO;
				ENABLE_STRICT_OBJC_MSGSEND = YES;
				FRAMEWORK_SEARCH_PATHS = iOSFrameworks;
				GCC_C_LANGUAGE_STANDARD = "compiler-default";
				GCC_NO_COMMON_BLOCKS = YES;
				GCC_WARN_64_TO_32_BIT_CONVERSION = YES;
				GCC_WARN_ABOUT_RETURN_TYPE = YES_ERROR;
				GCC_WARN_UNDECLARED_SELECTOR = YES;
				GCC_WARN_UNINITIALIZED_AUTOS = YES_AGGRESSIVE;
				GCC_WARN_UNUSED_FUNCTION = YES;
				GCC_WARN_UNUSED_VARIABLE = YES;
				HEADER_SEARCH_PATHS = (
					"$(inherited)",
					iOSFrameworks/SDL_iOS.framework/Headers,
					iOSFrameworks/SDL_image_iOS.framework/Headers,
				);
				INFOPLIST_FILE = Resources/iOS/Info.plist;
				IPHONEOS_DEPLOYMENT_TARGET = 12.0;
				MACOSX_DEPLOYMENT_TARGET = 10.13;
				MTL_ENABLE_DEBUG_INFO = NO;
				MTL_FAST_MATH = YES;
				PRODUCT_BUNDLE_IDENTIFIER = com.megaphonestudios.HelloVulkanSDL;
				PRODUCT_NAME = HelloTriangle;
				PROVISIONING_PROFILE_SPECIFIER = "";
				SDKROOT = iphoneos;
				TARGETED_DEVICE_FAMILY = "1,2";
			};
			name = Release;
		};
/* End XCBuildConfiguration section */

/* Begin XCConfigurationList section */
		9E82E5D1220A345B00AC8F7D /* Build configuration list for PBXNativeTarget "HelloTriangle-macOS" */ = {
			isa = XCConfigurationList;
			buildConfigurations = (
				9E82E5D2220A345B00AC8F7D /* Debug */,
				9E82E5D3220A345B00AC8F7D /* Release */,
			);
			defaultConfigurationIsVisible = 0;
			defaultConfigurationName = Release;
		};
		9EA6481922003A9000FD3DB0 /* Build configuration list for PBXProject "HelloVulkanSDL" */ = {
			isa = XCConfigurationList;
			buildConfigurations = (
				9EA6481A22003A9000FD3DB0 /* Debug */,
				9EA6481B22003A9000FD3DB0 /* Release */,
			);
			defaultConfigurationIsVisible = 0;
			defaultConfigurationName = Release;
		};
		9EA6482622003B2900FD3DB0 /* Build configuration list for PBXNativeTarget "HelloTriangle-iOS" */ = {
			isa = XCConfigurationList;
			buildConfigurations = (
				9EA6482722003B2900FD3DB0 /* Debug */,
				9EA6482822003B2900FD3DB0 /* Release */,
			);
			defaultConfigurationIsVisible = 0;
			defaultConfigurationName = Release;
		};
/* End XCConfigurationList section */
	};
	rootObject = 9EA6481622003A9000FD3DB0 /* Project object */;
}
