// !$*UTF8*$!
{
	archiveVersion = 1;
	classes = {
	};
	objectVersion = 46;
	objects = {

/* Begin PBXAggregateTarget section */
		9E0118781D354F1F009B02A7 /* BuildFatFramework */ = {
			isa = PBXAggregateTarget;
			buildConfigurationList = 9E01187B1D354F1F009B02A7 /* Build configuration list for PBXAggregateTarget "BuildFatFramework" */;
			buildPhases = (
				9E01187C1D354F50009B02A7 /* ShellScript */,
			);
			dependencies = (
			);
			name = BuildFatFramework;
			productName = BuildFatFramework;
		};
/* End PBXAggregateTarget section */

/* Begin PBXBuildFile section */
		9E03559A1D382F2F00B7EFDE /* SDL_image.h in Headers */ = {isa = PBXBuildFile; fileRef = 9E0355991D382F2F00B7EFDE /* SDL_image.h */; settings = {ATTRIBUTES = (Public, ); }; };
		9E0355AB1D382F9900B7EFDE /* IMG_bmp.c in Sources */ = {isa = PBXBuildFile; fileRef = 9E03559B1D382F9900B7EFDE /* IMG_bmp.c */; };
		9E0355AC1D382F9900B7EFDE /* IMG_gif.c in Sources */ = {isa = PBXBuildFile; fileRef = 9E03559C1D382F9900B7EFDE /* IMG_gif.c */; };
		9E0355AD1D382F9900B7EFDE /* IMG_ImageIO.m in Sources */ = {isa = PBXBuildFile; fileRef = 9E03559D1D382F9900B7EFDE /* IMG_ImageIO.m */; settings = {COMPILER_FLAGS = "-Wno-shorten-64-to-32"; }; };
		9E0355AE1D382F9900B7EFDE /* IMG_jpg.c in Sources */ = {isa = PBXBuildFile; fileRef = 9E03559E1D382F9900B7EFDE /* IMG_jpg.c */; };
		9E0355AF1D382F9900B7EFDE /* IMG_lbm.c in Sources */ = {isa = PBXBuildFile; fileRef = 9E03559F1D382F9900B7EFDE /* IMG_lbm.c */; };
		9E0355B01D382F9900B7EFDE /* IMG_pcx.c in Sources */ = {isa = PBXBuildFile; fileRef = 9E0355A01D382F9900B7EFDE /* IMG_pcx.c */; };
		9E0355B11D382F9900B7EFDE /* IMG_png.c in Sources */ = {isa = PBXBuildFile; fileRef = 9E0355A11D382F9900B7EFDE /* IMG_png.c */; settings = {COMPILER_FLAGS = "-Wno-comma -Wno-macro-redefined"; }; };
		9E0355B21D382F9900B7EFDE /* IMG_pnm.c in Sources */ = {isa = PBXBuildFile; fileRef = 9E0355A21D382F9900B7EFDE /* IMG_pnm.c */; };
		9E0355B31D382F9900B7EFDE /* IMG_tga.c in Sources */ = {isa = PBXBuildFile; fileRef = 9E0355A31D382F9900B7EFDE /* IMG_tga.c */; };
		9E0355B41D382F9900B7EFDE /* IMG_tif.c in Sources */ = {isa = PBXBuildFile; fileRef = 9E0355A41D382F9900B7EFDE /* IMG_tif.c */; };
		9E0355B51D382F9900B7EFDE /* IMG_webp.c in Sources */ = {isa = PBXBuildFile; fileRef = 9E0355A51D382F9900B7EFDE /* IMG_webp.c */; };
		9E0355B61D382F9900B7EFDE /* IMG_xcf.c in Sources */ = {isa = PBXBuildFile; fileRef = 9E0355A61D382F9900B7EFDE /* IMG_xcf.c */; };
		9E0355B71D382F9900B7EFDE /* IMG_xpm.c in Sources */ = {isa = PBXBuildFile; fileRef = 9E0355A71D382F9900B7EFDE /* IMG_xpm.c */; };
		9E0355B81D382F9900B7EFDE /* IMG_xv.c in Sources */ = {isa = PBXBuildFile; fileRef = 9E0355A81D382F9900B7EFDE /* IMG_xv.c */; };
		9E0355B91D382F9900B7EFDE /* IMG_xxx.c in Sources */ = {isa = PBXBuildFile; fileRef = 9E0355A91D382F9900B7EFDE /* IMG_xxx.c */; };
		9E0355BA1D382F9900B7EFDE /* IMG.c in Sources */ = {isa = PBXBuildFile; fileRef = 9E0355AA1D382F9900B7EFDE /* IMG.c */; };
		9E286E0C214076F0007E4CF6 /* IMG_svg.c in Sources */ = {isa = PBXBuildFile; fileRef = 9E286E09214076EF007E4CF6 /* IMG_svg.c */; };
		9EDD1DE21D320548004DAFF4 /* SDL_image-iOS.h in Headers */ = {isa = PBXBuildFile; fileRef = 9EDD1DE11D320548004DAFF4 /* SDL_image-iOS.h */; };
/* End PBXBuildFile section */

/* Begin PBXFileReference section */
		9E0355991D382F2F00B7EFDE /* SDL_image.h */ = {isa = PBXFileReference; fileEncoding = 4; lastKnownFileType = sourcecode.c.h; name = SDL_image.h; path = ../../External/SDL_image/SDL_image.h; sourceTree = "<group>"; usesTabs = 1; };
		9E03559B1D382F9900B7EFDE /* IMG_bmp.c */ = {isa = PBXFileReference; fileEncoding = 4; lastKnownFileType = sourcecode.c.c; name = IMG_bmp.c; path = ../../../External/SDL_image/IMG_bmp.c; sourceTree = "<group>"; };
		9E03559C1D382F9900B7EFDE /* IMG_gif.c */ = {isa = PBXFileReference; fileEncoding = 4; lastKnownFileType = sourcecode.c.c; name = IMG_gif.c; path = ../../../External/SDL_image/IMG_gif.c; sourceTree = "<group>"; };
		9E03559D1D382F9900B7EFDE /* IMG_ImageIO.m */ = {isa = PBXFileReference; fileEncoding = 4; lastKnownFileType = sourcecode.c.objc; name = IMG_ImageIO.m; path = ../../../External/SDL_image/IMG_ImageIO.m; sourceTree = "<group>"; };
		9E03559E1D382F9900B7EFDE /* IMG_jpg.c */ = {isa = PBXFileReference; fileEncoding = 4; lastKnownFileType = sourcecode.c.c; name = IMG_jpg.c; path = ../../../External/SDL_image/IMG_jpg.c; sourceTree = "<group>"; };
		9E03559F1D382F9900B7EFDE /* IMG_lbm.c */ = {isa = PBXFileReference; fileEncoding = 4; lastKnownFileType = sourcecode.c.c; name = IMG_lbm.c; path = ../../../External/SDL_image/IMG_lbm.c; sourceTree = "<group>"; };
		9E0355A01D382F9900B7EFDE /* IMG_pcx.c */ = {isa = PBXFileReference; fileEncoding = 4; lastKnownFileType = sourcecode.c.c; name = IMG_pcx.c; path = ../../../External/SDL_image/IMG_pcx.c; sourceTree = "<group>"; };
		9E0355A11D382F9900B7EFDE /* IMG_png.c */ = {isa = PBXFileReference; fileEncoding = 4; lastKnownFileType = sourcecode.c.c; name = IMG_png.c; path = ../../../External/SDL_image/IMG_png.c; sourceTree = "<group>"; };
		9E0355A21D382F9900B7EFDE /* IMG_pnm.c */ = {isa = PBXFileReference; fileEncoding = 4; lastKnownFileType = sourcecode.c.c; name = IMG_pnm.c; path = ../../../External/SDL_image/IMG_pnm.c; sourceTree = "<group>"; };
		9E0355A31D382F9900B7EFDE /* IMG_tga.c */ = {isa = PBXFileReference; fileEncoding = 4; lastKnownFileType = sourcecode.c.c; name = IMG_tga.c; path = ../../../External/SDL_image/IMG_tga.c; sourceTree = "<group>"; };
		9E0355A41D382F9900B7EFDE /* IMG_tif.c */ = {isa = PBXFileReference; fileEncoding = 4; lastKnownFileType = sourcecode.c.c; name = IMG_tif.c; path = ../../../External/SDL_image/IMG_tif.c; sourceTree = "<group>"; };
		9E0355A51D382F9900B7EFDE /* IMG_webp.c */ = {isa = PBXFileReference; fileEncoding = 4; lastKnownFileType = sourcecode.c.c; name = IMG_webp.c; path = ../../../External/SDL_image/IMG_webp.c; sourceTree = "<group>"; };
		9E0355A61D382F9900B7EFDE /* IMG_xcf.c */ = {isa = PBXFileReference; fileEncoding = 4; lastKnownFileType = sourcecode.c.c; name = IMG_xcf.c; path = ../../../External/SDL_image/IMG_xcf.c; sourceTree = "<group>"; };
		9E0355A71D382F9900B7EFDE /* IMG_xpm.c */ = {isa = PBXFileReference; fileEncoding = 4; lastKnownFileType = sourcecode.c.c; name = IMG_xpm.c; path = ../../../External/SDL_image/IMG_xpm.c; sourceTree = "<group>"; };
		9E0355A81D382F9900B7EFDE /* IMG_xv.c */ = {isa = PBXFileReference; fileEncoding = 4; lastKnownFileType = sourcecode.c.c; name = IMG_xv.c; path = ../../../External/SDL_image/IMG_xv.c; sourceTree = "<group>"; };
		9E0355A91D382F9900B7EFDE /* IMG_xxx.c */ = {isa = PBXFileReference; fileEncoding = 4; lastKnownFileType = sourcecode.c.c; name = IMG_xxx.c; path = ../../../External/SDL_image/IMG_xxx.c; sourceTree = "<group>"; };
		9E0355AA1D382F9900B7EFDE /* IMG.c */ = {isa = PBXFileReference; fileEncoding = 4; lastKnownFileType = sourcecode.c.c; name = IMG.c; path = ../../../External/SDL_image/IMG.c; sourceTree = "<group>"; };
		9E286E09214076EF007E4CF6 /* IMG_svg.c */ = {isa = PBXFileReference; fileEncoding = 4; lastKnownFileType = sourcecode.c.c; name = IMG_svg.c; path = ../../../External/SDL_image/IMG_svg.c; sourceTree = "<group>"; };
		9E98BFEF2B48F8750049D265 /* SDL_image_iOS.framework */ = {isa = PBXFileReference; lastKnownFileType = wrapper.framework; name = SDL_image_iOS.framework; path = "build/Debug-iphoneos/SDL_image_iOS.framework"; sourceTree = "<group>"; };
		9EDD1DDE1D320548004DAFF4 /* SDL_image_iOS.framework */ = {isa = PBXFileReference; explicitFileType = wrapper.framework; includeInIndex = 0; path = SDL_image_iOS.framework; sourceTree = BUILT_PRODUCTS_DIR; };
		9EDD1DE11D320548004DAFF4 /* SDL_image-iOS.h */ = {isa = PBXFileReference; lastKnownFileType = sourcecode.c.h; name = "SDL_image-iOS.h"; path = "SDL_image-iOS/SDL_image-iOS.h"; sourceTree = "<group>"; };
		9EDD1DE31D320548004DAFF4 /* Info.plist */ = {isa = PBXFileReference; lastKnownFileType = text.plist.xml; name = Info.plist; path = "SDL_image-iOS/Info.plist"; sourceTree = "<group>"; };
/* End PBXFileReference section */

/* Begin PBXFrameworksBuildPhase section */
		9EDD1DDA1D320548004DAFF4 /* Frameworks */ = {
			isa = PBXFrameworksBuildPhase;
			buildActionMask = 2147483647;
			files = (
			);
			runOnlyForDeploymentPostprocessing = 0;
		};
/* End PBXFrameworksBuildPhase section */

/* Begin PBXGroup section */
		9ED30CF41D335BF200C56EA4 /* Public Headers */ = {
			isa = PBXGroup;
			children = (
				9E0355991D382F2F00B7EFDE /* SDL_image.h */,
			);
			name = "Public Headers";
			sourceTree = "<group>";
		};
		9ED30CF51D335C0E00C56EA4 /* SDL_image-iOS */ = {
			isa = PBXGroup;
			children = (
				9EDD1DE11D320548004DAFF4 /* SDL_image-iOS.h */,
				9EDD1DE31D320548004DAFF4 /* Info.plist */,
			);
			name = "SDL_image-iOS";
			sourceTree = "<group>";
		};
		9EDD1DD41D320548004DAFF4 = {
			isa = PBXGroup;
			children = (
				9E98BFEF2B48F8750049D265 /* SDL_image_iOS.framework */,
				9ED30CF41D335BF200C56EA4 /* Public Headers */,
				9EDD1DE01D320548004DAFF4 /* Library Source */,
				9ED30CF51D335C0E00C56EA4 /* SDL_image-iOS */,
				9EDD1DDF1D320548004DAFF4 /* Products */,
			);
			sourceTree = "<group>";
		};
		9EDD1DDF1D320548004DAFF4 /* Products */ = {
			isa = PBXGroup;
			children = (
				9EDD1DDE1D320548004DAFF4 /* SDL_image_iOS.framework */,
			);
			name = Products;
			sourceTree = "<group>";
		};
		9EDD1DE01D320548004DAFF4 /* Library Source */ = {
			isa = PBXGroup;
			children = (
				9E0355AA1D382F9900B7EFDE /* IMG.c */,
				9E03559D1D382F9900B7EFDE /* IMG_ImageIO.m */,
				9E03559B1D382F9900B7EFDE /* IMG_bmp.c */,
				9E03559C1D382F9900B7EFDE /* IMG_gif.c */,
				9E03559E1D382F9900B7EFDE /* IMG_jpg.c */,
				9E03559F1D382F9900B7EFDE /* IMG_lbm.c */,
				9E0355A01D382F9900B7EFDE /* IMG_pcx.c */,
				9E0355A11D382F9900B7EFDE /* IMG_png.c */,
				9E0355A21D382F9900B7EFDE /* IMG_pnm.c */,
				9E286E09214076EF007E4CF6 /* IMG_svg.c */,
				9E0355A31D382F9900B7EFDE /* IMG_tga.c */,
				9E0355A41D382F9900B7EFDE /* IMG_tif.c */,
				9E0355A51D382F9900B7EFDE /* IMG_webp.c */,
				9E0355A61D382F9900B7EFDE /* IMG_xcf.c */,
				9E0355A71D382F9900B7EFDE /* IMG_xpm.c */,
				9E0355A81D382F9900B7EFDE /* IMG_xv.c */,
				9E0355A91D382F9900B7EFDE /* IMG_xxx.c */,
			);
			name = "Library Source";
			path = "SDL_image-iOS";
			sourceTree = "<group>";
		};
/* End PBXGroup section */

/* Begin PBXHeadersBuildPhase section */
		9EDD1DDB1D320548004DAFF4 /* Headers */ = {
			isa = PBXHeadersBuildPhase;
			buildActionMask = 2147483647;
			files = (
				9E03559A1D382F2F00B7EFDE /* SDL_image.h in Headers */,
				9EDD1DE21D320548004DAFF4 /* SDL_image-iOS.h in Headers */,
			);
			runOnlyForDeploymentPostprocessing = 0;
		};
/* End PBXHeadersBuildPhase section */

/* Begin PBXNativeTarget section */
		9EDD1DDD1D320548004DAFF4 /* SDL_image_iOS */ = {
			isa = PBXNativeTarget;
			buildConfigurationList = 9EDD1DE61D320548004DAFF4 /* Build configuration list for PBXNativeTarget "SDL_image_iOS" */;
			buildPhases = (
				9EDD1DD91D320548004DAFF4 /* Sources */,
				9EDD1DDA1D320548004DAFF4 /* Frameworks */,
				9EDD1DDB1D320548004DAFF4 /* Headers */,
				9EDD1DDC1D320548004DAFF4 /* Resources */,
			);
			buildRules = (
			);
			dependencies = (
			);
			name = SDL_image_iOS;
			productName = "SDL_image-iOS";
			productReference = 9EDD1DDE1D320548004DAFF4 /* SDL_image_iOS.framework */;
			productType = "com.apple.product-type.framework";
		};
/* End PBXNativeTarget section */

/* Begin PBXProject section */
		9EDD1DD51D320548004DAFF4 /* Project object */ = {
			isa = PBXProject;
			attributes = {
				LastUpgradeCheck = 1400;
				ORGANIZATIONNAME = Tadd;
				TargetAttributes = {
					9E0118781D354F1F009B02A7 = {
						CreatedOnToolsVersion = 7.3.1;
					};
					9EDD1DDD1D320548004DAFF4 = {
						CreatedOnToolsVersion = 7.3.1;
					};
				};
			};
			buildConfigurationList = 9EDD1DD81D320548004DAFF4 /* Build configuration list for PBXProject "SDL_image-iOS" */;
			compatibilityVersion = "Xcode 3.2";
			developmentRegion = en;
			hasScannedForEncodings = 0;
			knownRegions = (
				en,
				Base,
			);
			mainGroup = 9EDD1DD41D320548004DAFF4;
			productRefGroup = 9EDD1DDF1D320548004DAFF4 /* Products */;
			projectDirPath = "";
			projectRoot = "";
			targets = (
				9EDD1DDD1D320548004DAFF4 /* SDL_image_iOS */,
				9E0118781D354F1F009B02A7 /* BuildFatFramework */,
			);
		};
/* End PBXProject section */

/* Begin PBXResourcesBuildPhase section */
		9EDD1DDC1D320548004DAFF4 /* Resources */ = {
			isa = PBXResourcesBuildPhase;
			buildActionMask = 2147483647;
			files = (
			);
			runOnlyForDeploymentPostprocessing = 0;
		};
/* End PBXResourcesBuildPhase section */

/* Begin PBXShellScriptBuildPhase section */
		9E01187C1D354F50009B02A7 /* ShellScript */ = {
			isa = PBXShellScriptBuildPhase;
			buildActionMask = 2147483647;
			files = (
			);
			inputPaths = (
			);
			outputPaths = (
			);
			runOnlyForDeploymentPostprocessing = 0;
			shellPath = /bin/sh;
			shellScript = "BUILDSCRIPT=\"iOSFrameworksBuild.sh\"\nPROJECTNAME=\"SDL_image-iOS\"\necho Invoking: $(pwd)/$BUILDSCRIPT $PROJECTNAME\n./$BUILDSCRIPT $PROJECTNAME\n";
		};
/* End PBXShellScriptBuildPhase section */

/* Begin PBXSourcesBuildPhase section */
		9EDD1DD91D320548004DAFF4 /* Sources */ = {
			isa = PBXSourcesBuildPhase;
			buildActionMask = 2147483647;
			files = (
				9E0355AB1D382F9900B7EFDE /* IMG_bmp.c in Sources */,
				9E0355AC1D382F9900B7EFDE /* IMG_gif.c in Sources */,
				9E0355AD1D382F9900B7EFDE /* IMG_ImageIO.m in Sources */,
				9E0355AE1D382F9900B7EFDE /* IMG_jpg.c in Sources */,
				9E0355AF1D382F9900B7EFDE /* IMG_lbm.c in Sources */,
				9E0355B01D382F9900B7EFDE /* IMG_pcx.c in Sources */,
				9E0355B11D382F9900B7EFDE /* IMG_png.c in Sources */,
				9E0355B21D382F9900B7EFDE /* IMG_pnm.c in Sources */,
				9E0355B31D382F9900B7EFDE /* IMG_tga.c in Sources */,
				9E0355B41D382F9900B7EFDE /* IMG_tif.c in Sources */,
				9E0355B51D382F9900B7EFDE /* IMG_webp.c in Sources */,
				9E0355B61D382F9900B7EFDE /* IMG_xcf.c in Sources */,
				9E0355B71D382F9900B7EFDE /* IMG_xpm.c in Sources */,
				9E0355B81D382F9900B7EFDE /* IMG_xv.c in Sources */,
				9E0355B91D382F9900B7EFDE /* IMG_xxx.c in Sources */,
				9E0355BA1D382F9900B7EFDE /* IMG.c in Sources */,
				9E286E0C214076F0007E4CF6 /* IMG_svg.c in Sources */,
			);
			runOnlyForDeploymentPostprocessing = 0;
		};
/* End PBXSourcesBuildPhase section */

/* Begin XCBuildConfiguration section */
		9E0118791D354F1F009B02A7 /* Debug */ = {
			isa = XCBuildConfiguration;
			buildSettings = {
				CLANG_ENABLE_MODULES = NO;
				CLANG_ENABLE_OBJC_WEAK = YES;
				CODE_SIGN_IDENTITY = "iPhone Developer";
				CONFIGURATION_BUILD_DIR = "$(inherited)";
				CONFIGURATION_TEMP_DIR = "$(inherited)";
				IPHONEOS_DEPLOYMENT_TARGET = 12.0;
				OBJROOT = "$(inherited)";
				PRODUCT_NAME = "$(TARGET_NAME)";
				SYMROOT = "$(inherited)";
			};
			name = Debug;
		};
		9E01187A1D354F1F009B02A7 /* Release */ = {
			isa = XCBuildConfiguration;
			buildSettings = {
				CLANG_ENABLE_MODULES = NO;
				CLANG_ENABLE_OBJC_WEAK = YES;
				CODE_SIGN_IDENTITY = "iPhone Developer";
				CONFIGURATION_BUILD_DIR = "$(inherited)";
				CONFIGURATION_TEMP_DIR = "$(inherited)";
				IPHONEOS_DEPLOYMENT_TARGET = 12.0;
				OBJROOT = "$(inherited)";
				PRODUCT_NAME = "$(TARGET_NAME)";
				SYMROOT = "$(inherited)";
			};
			name = Release;
		};
		9EDD1DE41D320548004DAFF4 /* Debug */ = {
			isa = XCBuildConfiguration;
			buildSettings = {
				ALWAYS_SEARCH_USER_PATHS = NO;
				BUILT_PRODUCTS_DIR = "$(PROJECT_DIR)";
				CLANG_ANALYZER_LOCALIZABILITY_NONLOCALIZED = YES;
				CLANG_ANALYZER_NONNULL = YES;
				CLANG_CXX_LANGUAGE_STANDARD = "gnu++0x";
				CLANG_CXX_LIBRARY = "libc++";
				CLANG_ENABLE_MODULES = YES;
				CLANG_ENABLE_OBJC_ARC = NO;
				CLANG_WARN_BLOCK_CAPTURE_AUTORELEASING = YES;
				CLANG_WARN_BOOL_CONVERSION = YES;
				CLANG_WARN_COMMA = YES;
				CLANG_WARN_CONSTANT_CONVERSION = YES;
				CLANG_WARN_DEPRECATED_OBJC_IMPLEMENTATIONS = YES;
				CLANG_WARN_DIRECT_OBJC_ISA_USAGE = YES_ERROR;
				CLANG_WARN_EMPTY_BODY = YES;
				CLANG_WARN_ENUM_CONVERSION = YES;
				CLANG_WARN_INFINITE_RECURSION = YES;
				CLANG_WARN_INT_CONVERSION = YES;
				CLANG_WARN_NON_LITERAL_NULL_CONVERSION = YES;
				CLANG_WARN_OBJC_IMPLICIT_RETAIN_SELF = YES;
				CLANG_WARN_OBJC_LITERAL_CONVERSION = YES;
				CLANG_WARN_OBJC_ROOT_CLASS = YES_ERROR;
				CLANG_WARN_QUOTED_INCLUDE_IN_FRAMEWORK_HEADER = NO;
				CLANG_WARN_RANGE_LOOP_ANALYSIS = YES;
				CLANG_WARN_STRICT_PROTOTYPES = YES;
				CLANG_WARN_SUSPICIOUS_MOVE = YES;
				CLANG_WARN_UNREACHABLE_CODE = YES;
				CLANG_WARN__DUPLICATE_METHOD_MATCH = YES;
				"CODE_SIGN_IDENTITY[sdk=iphoneos*]" = "iPhone Developer";
				CONFIGURATION_TEMP_DIR = "$(BUILD_DIR)/$(CONFIGURATION)$(EFFECTIVE_PLATFORM_NAME)";
				COPY_PHASE_STRIP = NO;
				CURRENT_PROJECT_VERSION = 1;
				DEBUG_INFORMATION_FORMAT = dwarf;
				ENABLE_STRICT_OBJC_MSGSEND = YES;
				ENABLE_TESTABILITY = YES;
				GCC_C_LANGUAGE_STANDARD = gnu99;
				GCC_DYNAMIC_NO_PIC = NO;
				GCC_NO_COMMON_BLOCKS = YES;
				GCC_OPTIMIZATION_LEVEL = 0;
				GCC_PREPROCESSOR_DEFINITIONS = (
					"DEBUG=1",
					"$(inherited)",
				);
				GCC_WARN_64_TO_32_BIT_CONVERSION = YES;
				GCC_WARN_ABOUT_RETURN_TYPE = YES_ERROR;
				GCC_WARN_UNDECLARED_SELECTOR = YES;
				GCC_WARN_UNINITIALIZED_AUTOS = YES_AGGRESSIVE;
				GCC_WARN_UNUSED_FUNCTION = YES;
				GCC_WARN_UNUSED_VARIABLE = YES;
				HEADER_SEARCH_PATHS = ../../External/SDL/include;
				IPHONEOS_DEPLOYMENT_TARGET = 12.0;
				MTL_ENABLE_DEBUG_INFO = YES;
				ONLY_ACTIVE_ARCH = YES;
				SDKROOT = iphoneos;
				SYMROOT = "$(PROJECT_DIR)/Build";
				TARGETED_DEVICE_FAMILY = "1,2";
				VERSIONING_SYSTEM = "apple-generic";
				VERSION_INFO_PREFIX = "";
			};
			name = Debug;
		};
		9EDD1DE51D320548004DAFF4 /* Release */ = {
			isa = XCBuildConfiguration;
			buildSettings = {
				ALWAYS_SEARCH_USER_PATHS = NO;
				BUILT_PRODUCTS_DIR = "$(PROJECT_DIR)";
				CLANG_ANALYZER_LOCALIZABILITY_NONLOCALIZED = YES;
				CLANG_ANALYZER_NONNULL = YES;
				CLANG_CXX_LANGUAGE_STANDARD = "gnu++0x";
				CLANG_CXX_LIBRARY = "libc++";
				CLANG_ENABLE_MODULES = YES;
				CLANG_ENABLE_OBJC_ARC = NO;
				CLANG_WARN_BLOCK_CAPTURE_AUTORELEASING = YES;
				CLANG_WARN_BOOL_CONVERSION = YES;
				CLANG_WARN_COMMA = YES;
				CLANG_WARN_CONSTANT_CONVERSION = YES;
				CLANG_WARN_DEPRECATED_OBJC_IMPLEMENTATIONS = YES;
				CLANG_WARN_DIRECT_OBJC_ISA_USAGE = YES_ERROR;
				CLANG_WARN_EMPTY_BODY = YES;
				CLANG_WARN_ENUM_CONVERSION = YES;
				CLANG_WARN_INFINITE_RECURSION = YES;
				CLANG_WARN_INT_CONVERSION = YES;
				CLANG_WARN_NON_LITERAL_NULL_CONVERSION = YES;
				CLANG_WARN_OBJC_IMPLICIT_RETAIN_SELF = YES;
				CLANG_WARN_OBJC_LITERAL_CONVERSION = YES;
				CLANG_WARN_OBJC_ROOT_CLASS = YES_ERROR;
				CLANG_WARN_QUOTED_INCLUDE_IN_FRAMEWORK_HEADER = NO;
				CLANG_WARN_RANGE_LOOP_ANALYSIS = YES;
				CLANG_WARN_STRICT_PROTOTYPES = YES;
				CLANG_WARN_SUSPICIOUS_MOVE = YES;
				CLANG_WARN_UNREACHABLE_CODE = YES;
				CLANG_WARN__DUPLICATE_METHOD_MATCH = YES;
				"CODE_SIGN_IDENTITY[sdk=iphoneos*]" = "iPhone Developer";
				CONFIGURATION_TEMP_DIR = "$(BUILD_DIR)/$(CONFIGURATION)$(EFFECTIVE_PLATFORM_NAME)";
				COPY_PHASE_STRIP = NO;
				CURRENT_PROJECT_VERSION = 1;
				DEBUG_INFORMATION_FORMAT = "dwarf-with-dsym";
				ENABLE_NS_ASSERTIONS = NO;
				ENABLE_STRICT_OBJC_MSGSEND = YES;
				GCC_C_LANGUAGE_STANDARD = gnu99;
				GCC_NO_COMMON_BLOCKS = YES;
				GCC_WARN_64_TO_32_BIT_CONVERSION = YES;
				GCC_WARN_ABOUT_RETURN_TYPE = YES_ERROR;
				GCC_WARN_UNDECLARED_SELECTOR = YES;
				GCC_WARN_UNINITIALIZED_AUTOS = YES_AGGRESSIVE;
				GCC_WARN_UNUSED_FUNCTION = YES;
				GCC_WARN_UNUSED_VARIABLE = YES;
				HEADER_SEARCH_PATHS = ../../External/SDL/include;
				IPHONEOS_DEPLOYMENT_TARGET = 12.0;
				MTL_ENABLE_DEBUG_INFO = NO;
				SDKROOT = iphoneos;
				SYMROOT = "$(PROJECT_DIR)/Build";
				TARGETED_DEVICE_FAMILY = "1,2";
				VALIDATE_PRODUCT = YES;
				VERSIONING_SYSTEM = "apple-generic";
				VERSION_INFO_PREFIX = "";
			};
			name = Release;
		};
		9EDD1DE71D320548004DAFF4 /* Debug */ = {
			isa = XCBuildConfiguration;
			buildSettings = {
				ALWAYS_SEARCH_USER_PATHS = NO;
				CLANG_CXX_LANGUAGE_STANDARD = "compiler-default";
				CLANG_CXX_LIBRARY = "compiler-default";
				CLANG_ENABLE_OBJC_WEAK = YES;
				CLANG_WARN_BOOL_CONVERSION = NO;
				CLANG_WARN_CONSTANT_CONVERSION = NO;
				CLANG_WARN_EMPTY_BODY = NO;
				CLANG_WARN_ENUM_CONVERSION = NO;
				CLANG_WARN_INT_CONVERSION = NO;
				CLANG_WARN_UNREACHABLE_CODE = NO;
				CONFIGURATION_BUILD_DIR = "$(inherited)";
				CONFIGURATION_TEMP_DIR = "$(inherited)";
				DEFINES_MODULE = YES;
				DYLIB_COMPATIBILITY_VERSION = 1;
				DYLIB_CURRENT_VERSION = 1;
				DYLIB_INSTALL_NAME_BASE = "@rpath";
				GCC_WARN_64_TO_32_BIT_CONVERSION = NO;
				"GCC_WARN_64_TO_32_BIT_CONVERSION[arch=*64]" = YES;
				GCC_WARN_MULTIPLE_DEFINITION_TYPES_FOR_SELECTOR = YES;
				GCC_WARN_UNINITIALIZED_AUTOS = NO;
				GCC_WARN_UNUSED_FUNCTION = NO;
				GCC_WARN_UNUSED_VARIABLE = NO;
				HEADER_SEARCH_PATHS = "$(inherited)";
				INFOPLIST_FILE = "SDL_image-iOS/Info.plist";
				INSTALL_PATH = "$(LOCAL_LIBRARY_DIR)/Frameworks";
				IPHONEOS_DEPLOYMENT_TARGET = 12.0;
				LD_RUNPATH_SEARCH_PATHS = "$(inherited) @executable_path/Frameworks @loader_path/Frameworks";
				MACH_O_TYPE = staticlib;
				MODULEMAP_FILE = "SDL_image-iOS/module.modulemap";
				OBJROOT = "$(inherited)";
				ONLY_ACTIVE_ARCH = NO;
				PRODUCT_BUNDLE_IDENTIFIER = "com.megaphonestudios.SDL-image-iOS";
				PRODUCT_NAME = SDL_image_iOS;
				SKIP_INSTALL = YES;
				SYMROOT = "$(inherited)";
			};
			name = Debug;
		};
		9EDD1DE81D320548004DAFF4 /* Release */ = {
			isa = XCBuildConfiguration;
			buildSettings = {
				ALWAYS_SEARCH_USER_PATHS = NO;
				CLANG_CXX_LANGUAGE_STANDARD = "compiler-default";
				CLANG_CXX_LIBRARY = "compiler-default";
				CLANG_ENABLE_OBJC_WEAK = YES;
				CLANG_WARN_BOOL_CONVERSION = NO;
				CLANG_WARN_CONSTANT_CONVERSION = NO;
				CLANG_WARN_EMPTY_BODY = NO;
				CLANG_WARN_ENUM_CONVERSION = NO;
				CLANG_WARN_INT_CONVERSION = NO;
				CLANG_WARN_UNREACHABLE_CODE = NO;
				CONFIGURATION_BUILD_DIR = "$(inherited)";
				CONFIGURATION_TEMP_DIR = "$(inherited)";
				DEFINES_MODULE = YES;
				DYLIB_COMPATIBILITY_VERSION = 1;
				DYLIB_CURRENT_VERSION = 1;
				DYLIB_INSTALL_NAME_BASE = "@rpath";
				GCC_WARN_64_TO_32_BIT_CONVERSION = NO;
				"GCC_WARN_64_TO_32_BIT_CONVERSION[arch=*64]" = YES;
				GCC_WARN_MULTIPLE_DEFINITION_TYPES_FOR_SELECTOR = YES;
				GCC_WARN_UNINITIALIZED_AUTOS = NO;
				GCC_WARN_UNUSED_FUNCTION = NO;
				GCC_WARN_UNUSED_VARIABLE = NO;
				HEADER_SEARCH_PATHS = "$(inherited)";
				INFOPLIST_FILE = "SDL_image-iOS/Info.plist";
				INSTALL_PATH = "$(LOCAL_LIBRARY_DIR)/Frameworks";
				IPHONEOS_DEPLOYMENT_TARGET = 12.0;
				LD_RUNPATH_SEARCH_PATHS = "$(inherited) @executable_path/Frameworks @loader_path/Frameworks";
				MACH_O_TYPE = staticlib;
				MODULEMAP_FILE = "SDL_image-iOS/module.modulemap";
				OBJROOT = "$(inherited)";
				ONLY_ACTIVE_ARCH = NO;
				PRODUCT_BUNDLE_IDENTIFIER = "com.megaphonestudios.SDL-image-iOS";
				PRODUCT_NAME = SDL_image_iOS;
				SKIP_INSTALL = YES;
				SYMROOT = "$(inherited)";
			};
			name = Release;
		};
/* End XCBuildConfiguration section */

/* Begin XCConfigurationList section */
		9E01187B1D354F1F009B02A7 /* Build configuration list for PBXAggregateTarget "BuildFatFramework" */ = {
			isa = XCConfigurationList;
			buildConfigurations = (
				9E0118791D354F1F009B02A7 /* Debug */,
				9E01187A1D354F1F009B02A7 /* Release */,
			);
			defaultConfigurationIsVisible = 0;
			defaultConfigurationName = Release;
		};
		9EDD1DD81D320548004DAFF4 /* Build configuration list for PBXProject "SDL_image-iOS" */ = {
			isa = XCConfigurationList;
			buildConfigurations = (
				9EDD1DE41D320548004DAFF4 /* Debug */,
				9EDD1DE51D320548004DAFF4 /* Release */,
			);
			defaultConfigurationIsVisible = 0;
			defaultConfigurationName = Release;
		};
		9EDD1DE61D320548004DAFF4 /* Build configuration list for PBXNativeTarget "SDL_image_iOS" */ = {
			isa = XCConfigurationList;
			buildConfigurations = (
				9EDD1DE71D320548004DAFF4 /* Debug */,
				9EDD1DE81D320548004DAFF4 /* Release */,
			);
			defaultConfigurationIsVisible = 0;
			defaultConfigurationName = Release;
		};
/* End XCConfigurationList section */
	};
	rootObject = 9EDD1DD51D320548004DAFF4 /* Project object */;
}
